// !$*UTF8*$!
{
	archiveVersion = 1;
	classes = {
	};
	objectVersion = 56;
	objects = {

/* Begin PBXBuildFile section */
		4CBC2E706268212FA5D7FC87 /* Pods_TODO_List_TODO_ListUITests.framework in Frameworks */ = {isa = PBXBuildFile; fileRef = 3DFC0EE39858B3F482A2E2FE /* Pods_TODO_List_TODO_ListUITests.framework */; };
		4E3F70DD2C60A34600DF844C /* AppDelegate.swift in Sources */ = {isa = PBXBuildFile; fileRef = 4E3F70DC2C60A34600DF844C /* AppDelegate.swift */; };
		4E3F70DF2C60A34600DF844C /* SceneDelegate.swift in Sources */ = {isa = PBXBuildFile; fileRef = 4E3F70DE2C60A34600DF844C /* SceneDelegate.swift */; };
		4E3F70E62C60A34A00DF844C /* Assets.xcassets in Resources */ = {isa = PBXBuildFile; fileRef = 4E3F70E52C60A34A00DF844C /* Assets.xcassets */; };
		4E3F70E92C60A34A00DF844C /* Base in Resources */ = {isa = PBXBuildFile; fileRef = 4E3F70E82C60A34A00DF844C /* Base */; };
		4E3F70F42C60A34A00DF844C /* TODO_ListTests.swift in Sources */ = {isa = PBXBuildFile; fileRef = 4E3F70F32C60A34A00DF844C /* TODO_ListTests.swift */; };
		4E3F70FE2C60A34A00DF844C /* TODO_ListUITests.swift in Sources */ = {isa = PBXBuildFile; fileRef = 4E3F70FD2C60A34A00DF844C /* TODO_ListUITests.swift */; };
		4E3F71002C60A34A00DF844C /* TODO_ListUITestsLaunchTests.swift in Sources */ = {isa = PBXBuildFile; fileRef = 4E3F70FF2C60A34A00DF844C /* TODO_ListUITestsLaunchTests.swift */; };
		4E3F715A2C60D3CF00DF844C /* Checkbox.swift in Sources */ = {isa = PBXBuildFile; fileRef = 4E3F71592C60D3CF00DF844C /* Checkbox.swift */; };
		4E3F71732C60FBE900DF844C /* TabView.swift in Sources */ = {isa = PBXBuildFile; fileRef = 4E3F71712C60FBE800DF844C /* TabView.swift */; };
		4E3F71742C60FBE900DF844C /* TabViewItem.swift in Sources */ = {isa = PBXBuildFile; fileRef = 4E3F71722C60FBE900DF844C /* TabViewItem.swift */; };
		4E3F71762C60FC3D00DF844C /* BaseViewController.swift in Sources */ = {isa = PBXBuildFile; fileRef = 4E3F71752C60FC3D00DF844C /* BaseViewController.swift */; };
		4E3F71782C6103BB00DF844C /* CloudViewController.swift in Sources */ = {isa = PBXBuildFile; fileRef = 4E3F71772C6103BB00DF844C /* CloudViewController.swift */; };
		4E3F717C2C6220B700DF844C /* CloudEntity.swift in Sources */ = {isa = PBXBuildFile; fileRef = 4E3F717B2C6220B700DF844C /* CloudEntity.swift */; };
		4E46C1D52C63AC7300A9CAF7 /* TaskCell.swift in Sources */ = {isa = PBXBuildFile; fileRef = 4E46C1C22C63AC7300A9CAF7 /* TaskCell.swift */; };
		4E46C1D62C63AC7300A9CAF7 /* TasksViewController.swift in Sources */ = {isa = PBXBuildFile; fileRef = 4E46C1C32C63AC7300A9CAF7 /* TasksViewController.swift */; };
		4E46C1D72C63AC7300A9CAF7 /* LocalInteractor.swift in Sources */ = {isa = PBXBuildFile; fileRef = 4E46C1C52C63AC7300A9CAF7 /* LocalInteractor.swift */; };
		4E46C1D82C63AC7300A9CAF7 /* Group+CoreDataClass.swift in Sources */ = {isa = PBXBuildFile; fileRef = 4E46C1C72C63AC7300A9CAF7 /* Group+CoreDataClass.swift */; };
		4E46C1D92C63AC7300A9CAF7 /* Group+CoreDataProperties.swift in Sources */ = {isa = PBXBuildFile; fileRef = 4E46C1C82C63AC7300A9CAF7 /* Group+CoreDataProperties.swift */; };
		4E46C1DA2C63AC7300A9CAF7 /* Task+CoreDataClass.swift in Sources */ = {isa = PBXBuildFile; fileRef = 4E46C1C92C63AC7300A9CAF7 /* Task+CoreDataClass.swift */; };
		4E46C1DB2C63AC7300A9CAF7 /* Task+CoreDataProperties.swift in Sources */ = {isa = PBXBuildFile; fileRef = 4E46C1CA2C63AC7300A9CAF7 /* Task+CoreDataProperties.swift */; };
		4E46C1DC2C63AC7300A9CAF7 /* TasksModel.xcdatamodeld in Sources */ = {isa = PBXBuildFile; fileRef = 4E46C1CB2C63AC7300A9CAF7 /* TasksModel.xcdatamodeld */; };
		4E46C1DD2C63AC7300A9CAF7 /* EntryViewController.swift in Sources */ = {isa = PBXBuildFile; fileRef = 4E46C1CE2C63AC7300A9CAF7 /* EntryViewController.swift */; };
		4E46C1DE2C63AC7300A9CAF7 /* HomeViewController.swift in Sources */ = {isa = PBXBuildFile; fileRef = 4E46C1CF2C63AC7300A9CAF7 /* HomeViewController.swift */; };
		4E46C1DF2C63AC7300A9CAF7 /* LocalPresenter.swift in Sources */ = {isa = PBXBuildFile; fileRef = 4E46C1D12C63AC7300A9CAF7 /* LocalPresenter.swift */; };
		4E46C1E02C63AC7300A9CAF7 /* LocalTasksProtocols.swift in Sources */ = {isa = PBXBuildFile; fileRef = 4E46C1D32C63AC7300A9CAF7 /* LocalTasksProtocols.swift */; };
		4E46C1E32C63AF5500A9CAF7 /* LocalRouter.swift in Sources */ = {isa = PBXBuildFile; fileRef = 4E46C1E22C63AF5500A9CAF7 /* LocalRouter.swift */; };
		4E46C1EB2C64B26500A9CAF7 /* CloudProtocols.swift in Sources */ = {isa = PBXBuildFile; fileRef = 4E46C1EA2C64B26500A9CAF7 /* CloudProtocols.swift */; };
		4E46C1ED2C64B45300A9CAF7 /* CloudPresenter.swift in Sources */ = {isa = PBXBuildFile; fileRef = 4E46C1EC2C64B45300A9CAF7 /* CloudPresenter.swift */; };
		4E46C1EF2C64BAB000A9CAF7 /* CloudInteractor.swift in Sources */ = {isa = PBXBuildFile; fileRef = 4E46C1EE2C64BAB000A9CAF7 /* CloudInteractor.swift */; };
		4E46C1F12C64CB8200A9CAF7 /* ToDoViewModel.swift in Sources */ = {isa = PBXBuildFile; fileRef = 4E46C1F02C64CB8200A9CAF7 /* ToDoViewModel.swift */; };
		4E46C1FC2C6503FB00A9CAF7 /* HomeProtocols.swift in Sources */ = {isa = PBXBuildFile; fileRef = 4E46C1FB2C6503FB00A9CAF7 /* HomeProtocols.swift */; };
		4E46C1FE2C65040500A9CAF7 /* HomePresenter.swift in Sources */ = {isa = PBXBuildFile; fileRef = 4E46C1FD2C65040500A9CAF7 /* HomePresenter.swift */; };
		4E46C2002C65041200A9CAF7 /* HomeInteractor.swift in Sources */ = {isa = PBXBuildFile; fileRef = 4E46C1FF2C65041200A9CAF7 /* HomeInteractor.swift */; };
		4E46C2022C65042000A9CAF7 /* HomeRouter.swift in Sources */ = {isa = PBXBuildFile; fileRef = 4E46C2012C65042000A9CAF7 /* HomeRouter.swift */; };
		4E46C2042C65061800A9CAF7 /* ListViewModel.swift in Sources */ = {isa = PBXBuildFile; fileRef = 4E46C2032C65061800A9CAF7 /* ListViewModel.swift */; };
		4E46C2082C65FA0100A9CAF7 /* TaskViewModel.swift in Sources */ = {isa = PBXBuildFile; fileRef = 4E46C2072C65FA0100A9CAF7 /* TaskViewModel.swift */; };
		4E46C2112C660ECF00A9CAF7 /* EnterTaskProtocols.swift in Sources */ = {isa = PBXBuildFile; fileRef = 4E46C2102C660ECF00A9CAF7 /* EnterTaskProtocols.swift */; };
		4E46C2132C66107B00A9CAF7 /* EnterTaskInteractor.swift in Sources */ = {isa = PBXBuildFile; fileRef = 4E46C2122C66107B00A9CAF7 /* EnterTaskInteractor.swift */; };
		4E46C2152C66108500A9CAF7 /* EnterTaskPresenter.swift in Sources */ = {isa = PBXBuildFile; fileRef = 4E46C2142C66108500A9CAF7 /* EnterTaskPresenter.swift */; };
		4E46C21E2C661F2400A9CAF7 /* BaseProtocols.swift in Sources */ = {isa = PBXBuildFile; fileRef = 4E46C21D2C661F2400A9CAF7 /* BaseProtocols.swift */; };
		4E46C2202C661F2D00A9CAF7 /* BasePresenter.swift in Sources */ = {isa = PBXBuildFile; fileRef = 4E46C21F2C661F2D00A9CAF7 /* BasePresenter.swift */; };
		4E46C2222C661F3600A9CAF7 /* BaseInteractor.swift in Sources */ = {isa = PBXBuildFile; fileRef = 4E46C2212C661F3600A9CAF7 /* BaseInteractor.swift */; };
		4E46C2242C661F3C00A9CAF7 /* BaseRouter.swift in Sources */ = {isa = PBXBuildFile; fileRef = 4E46C2232C661F3C00A9CAF7 /* BaseRouter.swift */; };
		4E46C2282C662F1E00A9CAF7 /* CloudSceneConfigurator.swift in Sources */ = {isa = PBXBuildFile; fileRef = 4E46C2272C662F1E00A9CAF7 /* CloudSceneConfigurator.swift */; };
		4E46C22A2C6638DD00A9CAF7 /* EnterTaskRouter.swift in Sources */ = {isa = PBXBuildFile; fileRef = 4E46C2292C6638DD00A9CAF7 /* EnterTaskRouter.swift */; };
		4E46C22C2C6A1EF300A9CAF7 /* MyResult.swift in Sources */ = {isa = PBXBuildFile; fileRef = 4E46C22B2C6A1EF300A9CAF7 /* MyResult.swift */; };
		4E46C2342C6B3B2700A9CAF7 /* DataManager.swift in Sources */ = {isa = PBXBuildFile; fileRef = 4E46C2332C6B3B2700A9CAF7 /* DataManager.swift */; };
		4E46C2372C6E049700A9CAF7 /* CloudSceneFetchTasksWorker.swift in Sources */ = {isa = PBXBuildFile; fileRef = 4E46C2362C6E049700A9CAF7 /* CloudSceneFetchTasksWorker.swift */; };
		4E46C23A2C6E0FB100A9CAF7 /* HomeDataWorker.swift in Sources */ = {isa = PBXBuildFile; fileRef = 4E46C2392C6E0FB100A9CAF7 /* HomeDataWorker.swift */; };
		4E46C23D2C6E12F500A9CAF7 /* SceneFactory.swift in Sources */ = {isa = PBXBuildFile; fileRef = 4E46C23C2C6E12F500A9CAF7 /* SceneFactory.swift */; };
		4E46C2402C6E13EF00A9CAF7 /* HomeSceneConfigurator.swift in Sources */ = {isa = PBXBuildFile; fileRef = 4E46C23F2C6E13EF00A9CAF7 /* HomeSceneConfigurator.swift */; };
		7E96C06F2AC87F82DC2E47A0 /* Pods_TODO_ListTests.framework in Frameworks */ = {isa = PBXBuildFile; fileRef = 31FE55EA591DF5D858826806 /* Pods_TODO_ListTests.framework */; };
		E3B06189E5C2EA739D15B50F /* Pods_TODO_List.framework in Frameworks */ = {isa = PBXBuildFile; fileRef = 68BCB982BC04FA25AE8A00C0 /* Pods_TODO_List.framework */; };
/* End PBXBuildFile section */

/* Begin PBXContainerItemProxy section */
		4E3F70F02C60A34A00DF844C /* PBXContainerItemProxy */ = {
			isa = PBXContainerItemProxy;
			containerPortal = 4E3F70D12C60A34600DF844C /* Project object */;
			proxyType = 1;
			remoteGlobalIDString = 4E3F70D82C60A34600DF844C;
			remoteInfo = "TODO List";
		};
		4E3F70FA2C60A34A00DF844C /* PBXContainerItemProxy */ = {
			isa = PBXContainerItemProxy;
			containerPortal = 4E3F70D12C60A34600DF844C /* Project object */;
			proxyType = 1;
			remoteGlobalIDString = 4E3F70D82C60A34600DF844C;
			remoteInfo = "TODO List";
		};
/* End PBXContainerItemProxy section */

/* Begin PBXFileReference section */
		3162BC19E83C3A6A6E662075 /* Pods-TODO List-TODO ListUITests.release.xcconfig */ = {isa = PBXFileReference; includeInIndex = 1; lastKnownFileType = text.xcconfig; name = "Pods-TODO List-TODO ListUITests.release.xcconfig"; path = "Target Support Files/Pods-TODO List-TODO ListUITests/Pods-TODO List-TODO ListUITests.release.xcconfig"; sourceTree = "<group>"; };
		31FE55EA591DF5D858826806 /* Pods_TODO_ListTests.framework */ = {isa = PBXFileReference; explicitFileType = wrapper.framework; includeInIndex = 0; path = Pods_TODO_ListTests.framework; sourceTree = BUILT_PRODUCTS_DIR; };
		3DFC0EE39858B3F482A2E2FE /* Pods_TODO_List_TODO_ListUITests.framework */ = {isa = PBXFileReference; explicitFileType = wrapper.framework; includeInIndex = 0; path = Pods_TODO_List_TODO_ListUITests.framework; sourceTree = BUILT_PRODUCTS_DIR; };
		4E3F70D92C60A34600DF844C /* TODO List.app */ = {isa = PBXFileReference; explicitFileType = wrapper.application; includeInIndex = 0; path = "TODO List.app"; sourceTree = BUILT_PRODUCTS_DIR; };
		4E3F70DC2C60A34600DF844C /* AppDelegate.swift */ = {isa = PBXFileReference; lastKnownFileType = sourcecode.swift; path = AppDelegate.swift; sourceTree = "<group>"; };
		4E3F70DE2C60A34600DF844C /* SceneDelegate.swift */ = {isa = PBXFileReference; lastKnownFileType = sourcecode.swift; path = SceneDelegate.swift; sourceTree = "<group>"; };
		4E3F70E52C60A34A00DF844C /* Assets.xcassets */ = {isa = PBXFileReference; lastKnownFileType = folder.assetcatalog; path = Assets.xcassets; sourceTree = "<group>"; };
		4E3F70E82C60A34A00DF844C /* Base */ = {isa = PBXFileReference; lastKnownFileType = file.storyboard; name = Base; path = Base.lproj/LaunchScreen.storyboard; sourceTree = "<group>"; };
		4E3F70EA2C60A34A00DF844C /* Info.plist */ = {isa = PBXFileReference; lastKnownFileType = text.plist.xml; path = Info.plist; sourceTree = "<group>"; };
		4E3F70EF2C60A34A00DF844C /* TODO ListTests.xctest */ = {isa = PBXFileReference; explicitFileType = wrapper.cfbundle; includeInIndex = 0; path = "TODO ListTests.xctest"; sourceTree = BUILT_PRODUCTS_DIR; };
		4E3F70F32C60A34A00DF844C /* TODO_ListTests.swift */ = {isa = PBXFileReference; lastKnownFileType = sourcecode.swift; path = TODO_ListTests.swift; sourceTree = "<group>"; };
		4E3F70F92C60A34A00DF844C /* TODO ListUITests.xctest */ = {isa = PBXFileReference; explicitFileType = wrapper.cfbundle; includeInIndex = 0; path = "TODO ListUITests.xctest"; sourceTree = BUILT_PRODUCTS_DIR; };
		4E3F70FD2C60A34A00DF844C /* TODO_ListUITests.swift */ = {isa = PBXFileReference; lastKnownFileType = sourcecode.swift; path = TODO_ListUITests.swift; sourceTree = "<group>"; };
		4E3F70FF2C60A34A00DF844C /* TODO_ListUITestsLaunchTests.swift */ = {isa = PBXFileReference; lastKnownFileType = sourcecode.swift; path = TODO_ListUITestsLaunchTests.swift; sourceTree = "<group>"; };
		4E3F71592C60D3CF00DF844C /* Checkbox.swift */ = {isa = PBXFileReference; lastKnownFileType = sourcecode.swift; path = Checkbox.swift; sourceTree = "<group>"; };
		4E3F71712C60FBE800DF844C /* TabView.swift */ = {isa = PBXFileReference; fileEncoding = 4; lastKnownFileType = sourcecode.swift; path = TabView.swift; sourceTree = "<group>"; };
		4E3F71722C60FBE900DF844C /* TabViewItem.swift */ = {isa = PBXFileReference; fileEncoding = 4; lastKnownFileType = sourcecode.swift; path = TabViewItem.swift; sourceTree = "<group>"; };
		4E3F71752C60FC3D00DF844C /* BaseViewController.swift */ = {isa = PBXFileReference; fileEncoding = 4; lastKnownFileType = sourcecode.swift; path = BaseViewController.swift; sourceTree = "<group>"; };
		4E3F71772C6103BB00DF844C /* CloudViewController.swift */ = {isa = PBXFileReference; lastKnownFileType = sourcecode.swift; path = CloudViewController.swift; sourceTree = "<group>"; };
		4E3F717B2C6220B700DF844C /* CloudEntity.swift */ = {isa = PBXFileReference; lastKnownFileType = sourcecode.swift; path = CloudEntity.swift; sourceTree = "<group>"; };
		4E46C1C22C63AC7300A9CAF7 /* TaskCell.swift */ = {isa = PBXFileReference; fileEncoding = 4; lastKnownFileType = sourcecode.swift; path = TaskCell.swift; sourceTree = "<group>"; };
		4E46C1C32C63AC7300A9CAF7 /* TasksViewController.swift */ = {isa = PBXFileReference; fileEncoding = 4; lastKnownFileType = sourcecode.swift; path = TasksViewController.swift; sourceTree = "<group>"; };
		4E46C1C52C63AC7300A9CAF7 /* LocalInteractor.swift */ = {isa = PBXFileReference; fileEncoding = 4; lastKnownFileType = sourcecode.swift; path = LocalInteractor.swift; sourceTree = "<group>"; };
		4E46C1C72C63AC7300A9CAF7 /* Group+CoreDataClass.swift */ = {isa = PBXFileReference; fileEncoding = 4; lastKnownFileType = sourcecode.swift; path = "Group+CoreDataClass.swift"; sourceTree = "<group>"; };
		4E46C1C82C63AC7300A9CAF7 /* Group+CoreDataProperties.swift */ = {isa = PBXFileReference; fileEncoding = 4; lastKnownFileType = sourcecode.swift; path = "Group+CoreDataProperties.swift"; sourceTree = "<group>"; };
		4E46C1C92C63AC7300A9CAF7 /* Task+CoreDataClass.swift */ = {isa = PBXFileReference; fileEncoding = 4; lastKnownFileType = sourcecode.swift; path = "Task+CoreDataClass.swift"; sourceTree = "<group>"; };
		4E46C1CA2C63AC7300A9CAF7 /* Task+CoreDataProperties.swift */ = {isa = PBXFileReference; fileEncoding = 4; lastKnownFileType = sourcecode.swift; path = "Task+CoreDataProperties.swift"; sourceTree = "<group>"; };
		4E46C1CD2C63AC7300A9CAF7 /* TasksModel.xcdatamodel */ = {isa = PBXFileReference; lastKnownFileType = wrapper.xcdatamodel; path = TasksModel.xcdatamodel; sourceTree = "<group>"; };
		4E46C1CE2C63AC7300A9CAF7 /* EntryViewController.swift */ = {isa = PBXFileReference; fileEncoding = 4; lastKnownFileType = sourcecode.swift; path = EntryViewController.swift; sourceTree = "<group>"; };
		4E46C1CF2C63AC7300A9CAF7 /* HomeViewController.swift */ = {isa = PBXFileReference; fileEncoding = 4; lastKnownFileType = sourcecode.swift; path = HomeViewController.swift; sourceTree = "<group>"; };
		4E46C1D12C63AC7300A9CAF7 /* LocalPresenter.swift */ = {isa = PBXFileReference; fileEncoding = 4; lastKnownFileType = sourcecode.swift; path = LocalPresenter.swift; sourceTree = "<group>"; };
		4E46C1D32C63AC7300A9CAF7 /* LocalTasksProtocols.swift */ = {isa = PBXFileReference; fileEncoding = 4; lastKnownFileType = sourcecode.swift; path = LocalTasksProtocols.swift; sourceTree = "<group>"; };
		4E46C1E22C63AF5500A9CAF7 /* LocalRouter.swift */ = {isa = PBXFileReference; lastKnownFileType = sourcecode.swift; path = LocalRouter.swift; sourceTree = "<group>"; };
		4E46C1EA2C64B26500A9CAF7 /* CloudProtocols.swift */ = {isa = PBXFileReference; lastKnownFileType = sourcecode.swift; path = CloudProtocols.swift; sourceTree = "<group>"; };
		4E46C1EC2C64B45300A9CAF7 /* CloudPresenter.swift */ = {isa = PBXFileReference; lastKnownFileType = sourcecode.swift; path = CloudPresenter.swift; sourceTree = "<group>"; };
		4E46C1EE2C64BAB000A9CAF7 /* CloudInteractor.swift */ = {isa = PBXFileReference; lastKnownFileType = sourcecode.swift; path = CloudInteractor.swift; sourceTree = "<group>"; };
		4E46C1F02C64CB8200A9CAF7 /* ToDoViewModel.swift */ = {isa = PBXFileReference; lastKnownFileType = sourcecode.swift; path = ToDoViewModel.swift; sourceTree = "<group>"; };
		4E46C1FB2C6503FB00A9CAF7 /* HomeProtocols.swift */ = {isa = PBXFileReference; lastKnownFileType = sourcecode.swift; path = HomeProtocols.swift; sourceTree = "<group>"; };
		4E46C1FD2C65040500A9CAF7 /* HomePresenter.swift */ = {isa = PBXFileReference; lastKnownFileType = sourcecode.swift; path = HomePresenter.swift; sourceTree = "<group>"; };
		4E46C1FF2C65041200A9CAF7 /* HomeInteractor.swift */ = {isa = PBXFileReference; lastKnownFileType = sourcecode.swift; path = HomeInteractor.swift; sourceTree = "<group>"; };
		4E46C2012C65042000A9CAF7 /* HomeRouter.swift */ = {isa = PBXFileReference; lastKnownFileType = sourcecode.swift; path = HomeRouter.swift; sourceTree = "<group>"; };
		4E46C2032C65061800A9CAF7 /* ListViewModel.swift */ = {isa = PBXFileReference; lastKnownFileType = sourcecode.swift; path = ListViewModel.swift; sourceTree = "<group>"; };
		4E46C2072C65FA0100A9CAF7 /* TaskViewModel.swift */ = {isa = PBXFileReference; lastKnownFileType = sourcecode.swift; path = TaskViewModel.swift; sourceTree = "<group>"; };
		4E46C2102C660ECF00A9CAF7 /* EnterTaskProtocols.swift */ = {isa = PBXFileReference; lastKnownFileType = sourcecode.swift; path = EnterTaskProtocols.swift; sourceTree = "<group>"; };
		4E46C2122C66107B00A9CAF7 /* EnterTaskInteractor.swift */ = {isa = PBXFileReference; lastKnownFileType = sourcecode.swift; path = EnterTaskInteractor.swift; sourceTree = "<group>"; };
		4E46C2142C66108500A9CAF7 /* EnterTaskPresenter.swift */ = {isa = PBXFileReference; lastKnownFileType = sourcecode.swift; path = EnterTaskPresenter.swift; sourceTree = "<group>"; };
		4E46C21D2C661F2400A9CAF7 /* BaseProtocols.swift */ = {isa = PBXFileReference; lastKnownFileType = sourcecode.swift; path = BaseProtocols.swift; sourceTree = "<group>"; };
		4E46C21F2C661F2D00A9CAF7 /* BasePresenter.swift */ = {isa = PBXFileReference; lastKnownFileType = sourcecode.swift; path = BasePresenter.swift; sourceTree = "<group>"; };
		4E46C2212C661F3600A9CAF7 /* BaseInteractor.swift */ = {isa = PBXFileReference; lastKnownFileType = sourcecode.swift; path = BaseInteractor.swift; sourceTree = "<group>"; };
		4E46C2232C661F3C00A9CAF7 /* BaseRouter.swift */ = {isa = PBXFileReference; lastKnownFileType = sourcecode.swift; path = BaseRouter.swift; sourceTree = "<group>"; };
		4E46C2272C662F1E00A9CAF7 /* CloudSceneConfigurator.swift */ = {isa = PBXFileReference; lastKnownFileType = sourcecode.swift; path = CloudSceneConfigurator.swift; sourceTree = "<group>"; };
		4E46C2292C6638DD00A9CAF7 /* EnterTaskRouter.swift */ = {isa = PBXFileReference; lastKnownFileType = sourcecode.swift; path = EnterTaskRouter.swift; sourceTree = "<group>"; };
		4E46C22B2C6A1EF300A9CAF7 /* MyResult.swift */ = {isa = PBXFileReference; lastKnownFileType = sourcecode.swift; path = MyResult.swift; sourceTree = "<group>"; };
		4E46C2332C6B3B2700A9CAF7 /* DataManager.swift */ = {isa = PBXFileReference; lastKnownFileType = sourcecode.swift; path = DataManager.swift; sourceTree = "<group>"; };
		4E46C2362C6E049700A9CAF7 /* CloudSceneFetchTasksWorker.swift */ = {isa = PBXFileReference; lastKnownFileType = sourcecode.swift; path = CloudSceneFetchTasksWorker.swift; sourceTree = "<group>"; };
		4E46C2392C6E0FB100A9CAF7 /* HomeDataWorker.swift */ = {isa = PBXFileReference; lastKnownFileType = sourcecode.swift; path = HomeDataWorker.swift; sourceTree = "<group>"; };
		4E46C23C2C6E12F500A9CAF7 /* SceneFactory.swift */ = {isa = PBXFileReference; lastKnownFileType = sourcecode.swift; path = SceneFactory.swift; sourceTree = "<group>"; };
		4E46C23F2C6E13EF00A9CAF7 /* HomeSceneConfigurator.swift */ = {isa = PBXFileReference; lastKnownFileType = sourcecode.swift; path = HomeSceneConfigurator.swift; sourceTree = "<group>"; };
		595E2AA9F81066A6D38A583B /* Pods-TODO List-TODO ListUITests.debug.xcconfig */ = {isa = PBXFileReference; includeInIndex = 1; lastKnownFileType = text.xcconfig; name = "Pods-TODO List-TODO ListUITests.debug.xcconfig"; path = "Target Support Files/Pods-TODO List-TODO ListUITests/Pods-TODO List-TODO ListUITests.debug.xcconfig"; sourceTree = "<group>"; };
		634A34C850D2CD06A5360F48 /* Pods-TODO ListTests.debug.xcconfig */ = {isa = PBXFileReference; includeInIndex = 1; lastKnownFileType = text.xcconfig; name = "Pods-TODO ListTests.debug.xcconfig"; path = "Target Support Files/Pods-TODO ListTests/Pods-TODO ListTests.debug.xcconfig"; sourceTree = "<group>"; };
		68BCB982BC04FA25AE8A00C0 /* Pods_TODO_List.framework */ = {isa = PBXFileReference; explicitFileType = wrapper.framework; includeInIndex = 0; path = Pods_TODO_List.framework; sourceTree = BUILT_PRODUCTS_DIR; };
		99615CBA306ACC58ACE8DA09 /* Pods-TODO List.debug.xcconfig */ = {isa = PBXFileReference; includeInIndex = 1; lastKnownFileType = text.xcconfig; name = "Pods-TODO List.debug.xcconfig"; path = "Target Support Files/Pods-TODO List/Pods-TODO List.debug.xcconfig"; sourceTree = "<group>"; };
		E0D27370C7FB6142F1B8CA0D /* Pods-TODO List.release.xcconfig */ = {isa = PBXFileReference; includeInIndex = 1; lastKnownFileType = text.xcconfig; name = "Pods-TODO List.release.xcconfig"; path = "Target Support Files/Pods-TODO List/Pods-TODO List.release.xcconfig"; sourceTree = "<group>"; };
		FF1B82D4129D930C97A88C56 /* Pods-TODO ListTests.release.xcconfig */ = {isa = PBXFileReference; includeInIndex = 1; lastKnownFileType = text.xcconfig; name = "Pods-TODO ListTests.release.xcconfig"; path = "Target Support Files/Pods-TODO ListTests/Pods-TODO ListTests.release.xcconfig"; sourceTree = "<group>"; };
/* End PBXFileReference section */

/* Begin PBXFrameworksBuildPhase section */
		4E3F70D62C60A34600DF844C /* Frameworks */ = {
			isa = PBXFrameworksBuildPhase;
			buildActionMask = 2147483647;
			files = (
				E3B06189E5C2EA739D15B50F /* Pods_TODO_List.framework in Frameworks */,
			);
			runOnlyForDeploymentPostprocessing = 0;
		};
		4E3F70EC2C60A34A00DF844C /* Frameworks */ = {
			isa = PBXFrameworksBuildPhase;
			buildActionMask = 2147483647;
			files = (
				7E96C06F2AC87F82DC2E47A0 /* Pods_TODO_ListTests.framework in Frameworks */,
			);
			runOnlyForDeploymentPostprocessing = 0;
		};
		4E3F70F62C60A34A00DF844C /* Frameworks */ = {
			isa = PBXFrameworksBuildPhase;
			buildActionMask = 2147483647;
			files = (
				4CBC2E706268212FA5D7FC87 /* Pods_TODO_List_TODO_ListUITests.framework in Frameworks */,
			);
			runOnlyForDeploymentPostprocessing = 0;
		};
/* End PBXFrameworksBuildPhase section */

/* Begin PBXGroup section */
		4E3F70D02C60A34600DF844C = {
			isa = PBXGroup;
			children = (
				4E3F717E2C6244A500DF844C /* Local Tasks */,
				4E46C2162C661E8F00A9CAF7 /* Base */,
				4E46C2092C660CD300A9CAF7 /* Enter Task */,
				4E46C1F42C65036800A9CAF7 /* Home Scene */,
				4E3F71832C62453E00DF844C /* Cloud Scene */,
				4E3F717F2C6244C600DF844C /* Common */,
				4E3F717D2C62448D00DF844C /* Application */,
				4E3F70DB2C60A34600DF844C /* TODO List */,
				4E3F70F22C60A34A00DF844C /* TODO ListTests */,
				4E3F70FC2C60A34A00DF844C /* TODO ListUITests */,
				4E3F70DA2C60A34600DF844C /* Products */,
				998D583FB3EDD7CE13729D72 /* Pods */,
				FC1C311AB6557C109F6467B0 /* Frameworks */,
			);
			sourceTree = "<group>";
		};
		4E3F70DA2C60A34600DF844C /* Products */ = {
			isa = PBXGroup;
			children = (
				4E3F70D92C60A34600DF844C /* TODO List.app */,
				4E3F70EF2C60A34A00DF844C /* TODO ListTests.xctest */,
				4E3F70F92C60A34A00DF844C /* TODO ListUITests.xctest */,
			);
			name = Products;
			sourceTree = "<group>";
		};
		4E3F70DB2C60A34600DF844C /* TODO List */ = {
			isa = PBXGroup;
			children = (
				4E3F70EA2C60A34A00DF844C /* Info.plist */,
				4E3F71582C60D2BA00DF844C /* Views */,
				4E3F710C2C60AEBB00DF844C /* View Controllers */,
			);
			path = "TODO List";
			sourceTree = "<group>";
		};
		4E3F70F22C60A34A00DF844C /* TODO ListTests */ = {
			isa = PBXGroup;
			children = (
				4E3F70F32C60A34A00DF844C /* TODO_ListTests.swift */,
			);
			path = "TODO ListTests";
			sourceTree = "<group>";
		};
		4E3F70FC2C60A34A00DF844C /* TODO ListUITests */ = {
			isa = PBXGroup;
			children = (
				4E3F70FD2C60A34A00DF844C /* TODO_ListUITests.swift */,
				4E3F70FF2C60A34A00DF844C /* TODO_ListUITestsLaunchTests.swift */,
			);
			path = "TODO ListUITests";
			sourceTree = "<group>";
		};
		4E3F710C2C60AEBB00DF844C /* View Controllers */ = {
			isa = PBXGroup;
			children = (
			);
			path = "View Controllers";
			sourceTree = "<group>";
		};
		4E3F71582C60D2BA00DF844C /* Views */ = {
			isa = PBXGroup;
			children = (
			);
			path = Views;
			sourceTree = "<group>";
		};
		4E3F717D2C62448D00DF844C /* Application */ = {
			isa = PBXGroup;
			children = (
				4E3F70DC2C60A34600DF844C /* AppDelegate.swift */,
				4E3F70DE2C60A34600DF844C /* SceneDelegate.swift */,
			);
			path = Application;
			sourceTree = "<group>";
		};
		4E3F717E2C6244A500DF844C /* Local Tasks */ = {
			isa = PBXGroup;
			children = (
				4E46C1E12C63ADC200A9CAF7 /* Router */,
				4E46C1CC2C63AC7300A9CAF7 /* Entity */,
				4E46C1C62C63AC7300A9CAF7 /* Interactor */,
				4E46C1D22C63AC7300A9CAF7 /* Presenter */,
				4E46C1D42C63AC7300A9CAF7 /* Repository */,
				4E46C1C42C63AC7300A9CAF7 /* View */,
			);
			path = "Local Tasks";
			sourceTree = "<group>";
		};
		4E3F717F2C6244C600DF844C /* Common */ = {
			isa = PBXGroup;
			children = (
				4E46C2332C6B3B2700A9CAF7 /* DataManager.swift */,
				4E3F70E72C60A34A00DF844C /* LaunchScreen.storyboard */,
				4E3F70E52C60A34A00DF844C /* Assets.xcassets */,
			);
			path = Common;
			sourceTree = "<group>";
		};
		4E3F71832C62453E00DF844C /* Cloud Scene */ = {
			isa = PBXGroup;
			children = (
				4E46C2352C6E047F00A9CAF7 /* Worker */,
				4E46C1E82C64B1A300A9CAF7 /* Model */,
				4E46C1E72C64B19700A9CAF7 /* Interactor */,
				4E46C1E62C64B18E00A9CAF7 /* Presenter */,
				4E46C1E52C64B18400A9CAF7 /* Configurator */,
				4E46C1E42C64B17600A9CAF7 /* Repository */,
				4E3F71852C62455000DF844C /* View */,
				4E3F71842C62454900DF844C /* ViewModel */,
			);
			path = "Cloud Scene";
			sourceTree = "<group>";
		};
		4E3F71842C62454900DF844C /* ViewModel */ = {
			isa = PBXGroup;
			children = (
				4E46C1F02C64CB8200A9CAF7 /* ToDoViewModel.swift */,
			);
			path = ViewModel;
			sourceTree = "<group>";
		};
		4E3F71852C62455000DF844C /* View */ = {
			isa = PBXGroup;
			children = (
				4E3F71772C6103BB00DF844C /* CloudViewController.swift */,
			);
			path = View;
			sourceTree = "<group>";
		};
		4E46C1C42C63AC7300A9CAF7 /* View */ = {
			isa = PBXGroup;
			children = (
				4E3F71592C60D3CF00DF844C /* Checkbox.swift */,
				4E46C1C22C63AC7300A9CAF7 /* TaskCell.swift */,
				4E46C1C32C63AC7300A9CAF7 /* TasksViewController.swift */,
			);
			path = View;
			sourceTree = "<group>";
		};
		4E46C1C62C63AC7300A9CAF7 /* Interactor */ = {
			isa = PBXGroup;
			children = (
				4E46C1C52C63AC7300A9CAF7 /* LocalInteractor.swift */,
			);
			path = Interactor;
			sourceTree = "<group>";
		};
		4E46C1CC2C63AC7300A9CAF7 /* Entity */ = {
			isa = PBXGroup;
			children = (
				4E46C1C92C63AC7300A9CAF7 /* Task+CoreDataClass.swift */,
				4E46C1CA2C63AC7300A9CAF7 /* Task+CoreDataProperties.swift */,
				4E46C1CB2C63AC7300A9CAF7 /* TasksModel.xcdatamodeld */,
				4E46C2072C65FA0100A9CAF7 /* TaskViewModel.swift */,
			);
			path = Entity;
			sourceTree = "<group>";
		};
		4E46C1D22C63AC7300A9CAF7 /* Presenter */ = {
			isa = PBXGroup;
			children = (
				4E46C1D12C63AC7300A9CAF7 /* LocalPresenter.swift */,
			);
			path = Presenter;
			sourceTree = "<group>";
		};
		4E46C1D42C63AC7300A9CAF7 /* Repository */ = {
			isa = PBXGroup;
			children = (
				4E46C1D32C63AC7300A9CAF7 /* LocalTasksProtocols.swift */,
			);
			path = Repository;
			sourceTree = "<group>";
		};
		4E46C1E12C63ADC200A9CAF7 /* Router */ = {
			isa = PBXGroup;
			children = (
				4E46C1E22C63AF5500A9CAF7 /* LocalRouter.swift */,
			);
			path = Router;
			sourceTree = "<group>";
		};
		4E46C1E42C64B17600A9CAF7 /* Repository */ = {
			isa = PBXGroup;
			children = (
				4E46C1EA2C64B26500A9CAF7 /* CloudProtocols.swift */,
			);
			path = Repository;
			sourceTree = "<group>";
		};
		4E46C1E52C64B18400A9CAF7 /* Configurator */ = {
			isa = PBXGroup;
			children = (
				4E46C2272C662F1E00A9CAF7 /* CloudSceneConfigurator.swift */,
			);
			path = Configurator;
			sourceTree = "<group>";
		};
		4E46C1E62C64B18E00A9CAF7 /* Presenter */ = {
			isa = PBXGroup;
			children = (
				4E46C1EC2C64B45300A9CAF7 /* CloudPresenter.swift */,
			);
			path = Presenter;
			sourceTree = "<group>";
		};
		4E46C1E72C64B19700A9CAF7 /* Interactor */ = {
			isa = PBXGroup;
			children = (
				4E46C1EE2C64BAB000A9CAF7 /* CloudInteractor.swift */,
			);
			name = Interactor;
			sourceTree = "<group>";
		};
		4E46C1E82C64B1A300A9CAF7 /* Model */ = {
			isa = PBXGroup;
			children = (
				4E3F717B2C6220B700DF844C /* CloudEntity.swift */,
				4E46C22B2C6A1EF300A9CAF7 /* MyResult.swift */,
			);
			path = Model;
			sourceTree = "<group>";
		};
		4E46C1F42C65036800A9CAF7 /* Home Scene */ = {
			isa = PBXGroup;
			children = (
				4E46C23E2C6E13E200A9CAF7 /* Configurator */,
				4E46C23B2C6E12EB00A9CAF7 /* Factories */,
				4E46C2382C6E0EEF00A9CAF7 /* Worker */,
				4E46C1FA2C6503B300A9CAF7 /* Router */,
				4E46C1F92C6503AC00A9CAF7 /* Repository */,
				4E46C1F82C6503A400A9CAF7 /* Presenter */,
				4E46C1F72C65039700A9CAF7 /* Interactor */,
				4E46C1F62C65038600A9CAF7 /* View */,
				4E46C1F52C65037A00A9CAF7 /* Model */,
			);
			path = "Home Scene";
			sourceTree = "<group>";
		};
		4E46C1F52C65037A00A9CAF7 /* Model */ = {
			isa = PBXGroup;
			children = (
				4E46C1C72C63AC7300A9CAF7 /* Group+CoreDataClass.swift */,
				4E46C1C82C63AC7300A9CAF7 /* Group+CoreDataProperties.swift */,
				4E46C2032C65061800A9CAF7 /* ListViewModel.swift */,
			);
			path = Model;
			sourceTree = "<group>";
		};
		4E46C1F62C65038600A9CAF7 /* View */ = {
			isa = PBXGroup;
			children = (
				4E46C1CF2C63AC7300A9CAF7 /* HomeViewController.swift */,
			);
			path = View;
			sourceTree = "<group>";
		};
		4E46C1F72C65039700A9CAF7 /* Interactor */ = {
			isa = PBXGroup;
			children = (
				4E46C1FF2C65041200A9CAF7 /* HomeInteractor.swift */,
			);
			path = Interactor;
			sourceTree = "<group>";
		};
		4E46C1F82C6503A400A9CAF7 /* Presenter */ = {
			isa = PBXGroup;
			children = (
				4E46C1FD2C65040500A9CAF7 /* HomePresenter.swift */,
			);
			path = Presenter;
			sourceTree = "<group>";
		};
		4E46C1F92C6503AC00A9CAF7 /* Repository */ = {
			isa = PBXGroup;
			children = (
				4E46C1FB2C6503FB00A9CAF7 /* HomeProtocols.swift */,
			);
			path = Repository;
			sourceTree = "<group>";
		};
		4E46C1FA2C6503B300A9CAF7 /* Router */ = {
			isa = PBXGroup;
			children = (
				4E46C2012C65042000A9CAF7 /* HomeRouter.swift */,
			);
			path = Router;
			sourceTree = "<group>";
		};
		4E46C2092C660CD300A9CAF7 /* Enter Task */ = {
			isa = PBXGroup;
			children = (
				4E46C20F2C660D0D00A9CAF7 /* View */,
				4E46C20D2C660CFB00A9CAF7 /* Interactor */,
				4E46C20C2C660CF300A9CAF7 /* Presenter */,
				4E46C20B2C660CE600A9CAF7 /* Repository */,
				4E46C20A2C660CDE00A9CAF7 /* Router */,
			);
			path = "Enter Task";
			sourceTree = "<group>";
		};
		4E46C20A2C660CDE00A9CAF7 /* Router */ = {
			isa = PBXGroup;
			children = (
				4E46C2292C6638DD00A9CAF7 /* EnterTaskRouter.swift */,
			);
			path = Router;
			sourceTree = "<group>";
		};
		4E46C20B2C660CE600A9CAF7 /* Repository */ = {
			isa = PBXGroup;
			children = (
				4E46C2102C660ECF00A9CAF7 /* EnterTaskProtocols.swift */,
			);
			path = Repository;
			sourceTree = "<group>";
		};
		4E46C20C2C660CF300A9CAF7 /* Presenter */ = {
			isa = PBXGroup;
			children = (
				4E46C2142C66108500A9CAF7 /* EnterTaskPresenter.swift */,
			);
			path = Presenter;
			sourceTree = "<group>";
		};
		4E46C20D2C660CFB00A9CAF7 /* Interactor */ = {
			isa = PBXGroup;
			children = (
				4E46C2122C66107B00A9CAF7 /* EnterTaskInteractor.swift */,
			);
			path = Interactor;
			sourceTree = "<group>";
		};
		4E46C20F2C660D0D00A9CAF7 /* View */ = {
			isa = PBXGroup;
			children = (
				4E46C1CE2C63AC7300A9CAF7 /* EntryViewController.swift */,
			);
			path = View;
			sourceTree = "<group>";
		};
		4E46C2162C661E8F00A9CAF7 /* Base */ = {
			isa = PBXGroup;
			children = (
				4E46C21C2C661F1400A9CAF7 /* Repository */,
				4E46C21B2C661F0E00A9CAF7 /* Presenter */,
				4E46C21A2C661F0200A9CAF7 /* Interactor */,
				4E46C2192C661EFC00A9CAF7 /* Router */,
				4E46C2172C661EEE00A9CAF7 /* View */,
			);
			path = Base;
			sourceTree = "<group>";
		};
		4E46C2172C661EEE00A9CAF7 /* View */ = {
			isa = PBXGroup;
			children = (
				4E3F71712C60FBE800DF844C /* TabView.swift */,
				4E3F71722C60FBE900DF844C /* TabViewItem.swift */,
				4E3F71752C60FC3D00DF844C /* BaseViewController.swift */,
			);
			path = View;
			sourceTree = "<group>";
		};
		4E46C2192C661EFC00A9CAF7 /* Router */ = {
			isa = PBXGroup;
			children = (
				4E46C2232C661F3C00A9CAF7 /* BaseRouter.swift */,
			);
			path = Router;
			sourceTree = "<group>";
		};
		4E46C21A2C661F0200A9CAF7 /* Interactor */ = {
			isa = PBXGroup;
			children = (
				4E46C2212C661F3600A9CAF7 /* BaseInteractor.swift */,
			);
			path = Interactor;
			sourceTree = "<group>";
		};
		4E46C21B2C661F0E00A9CAF7 /* Presenter */ = {
			isa = PBXGroup;
			children = (
				4E46C21F2C661F2D00A9CAF7 /* BasePresenter.swift */,
			);
			path = Presenter;
			sourceTree = "<group>";
		};
		4E46C21C2C661F1400A9CAF7 /* Repository */ = {
			isa = PBXGroup;
			children = (
				4E46C21D2C661F2400A9CAF7 /* BaseProtocols.swift */,
			);
			path = Repository;
			sourceTree = "<group>";
		};
		4E46C2352C6E047F00A9CAF7 /* Worker */ = {
			isa = PBXGroup;
			children = (
				4E46C2362C6E049700A9CAF7 /* CloudSceneFetchTasksWorker.swift */,
			);
			path = Worker;
			sourceTree = "<group>";
		};
		4E46C2382C6E0EEF00A9CAF7 /* Worker */ = {
			isa = PBXGroup;
			children = (
				4E46C2392C6E0FB100A9CAF7 /* HomeDataWorker.swift */,
			);
			path = Worker;
			sourceTree = "<group>";
		};
		4E46C23B2C6E12EB00A9CAF7 /* Factories */ = {
			isa = PBXGroup;
			children = (
				4E46C23C2C6E12F500A9CAF7 /* SceneFactory.swift */,
			);
			path = Factories;
			sourceTree = "<group>";
		};
		4E46C23E2C6E13E200A9CAF7 /* Configurator */ = {
			isa = PBXGroup;
			children = (
				4E46C23F2C6E13EF00A9CAF7 /* HomeSceneConfigurator.swift */,
			);
			path = Configurator;
			sourceTree = "<group>";
		};
		998D583FB3EDD7CE13729D72 /* Pods */ = {
			isa = PBXGroup;
			children = (
				99615CBA306ACC58ACE8DA09 /* Pods-TODO List.debug.xcconfig */,
				E0D27370C7FB6142F1B8CA0D /* Pods-TODO List.release.xcconfig */,
				595E2AA9F81066A6D38A583B /* Pods-TODO List-TODO ListUITests.debug.xcconfig */,
				3162BC19E83C3A6A6E662075 /* Pods-TODO List-TODO ListUITests.release.xcconfig */,
				634A34C850D2CD06A5360F48 /* Pods-TODO ListTests.debug.xcconfig */,
				FF1B82D4129D930C97A88C56 /* Pods-TODO ListTests.release.xcconfig */,
			);
			path = Pods;
			sourceTree = "<group>";
		};
		FC1C311AB6557C109F6467B0 /* Frameworks */ = {
			isa = PBXGroup;
			children = (
				68BCB982BC04FA25AE8A00C0 /* Pods_TODO_List.framework */,
				3DFC0EE39858B3F482A2E2FE /* Pods_TODO_List_TODO_ListUITests.framework */,
				31FE55EA591DF5D858826806 /* Pods_TODO_ListTests.framework */,
			);
			name = Frameworks;
			sourceTree = "<group>";
		};
/* End PBXGroup section */

/* Begin PBXNativeTarget section */
		4E3F70D82C60A34600DF844C /* TODO List */ = {
			isa = PBXNativeTarget;
			buildConfigurationList = 4E3F71032C60A34A00DF844C /* Build configuration list for PBXNativeTarget "TODO List" */;
			buildPhases = (
				907B0E7B041CA12F50A5C7C4 /* [CP] Check Pods Manifest.lock */,
				4E3F70D52C60A34600DF844C /* Sources */,
				4E3F70D62C60A34600DF844C /* Frameworks */,
				4E3F70D72C60A34600DF844C /* Resources */,
				60AB73E6EE8F0C55EC0AE8DB /* [CP] Embed Pods Frameworks */,
			);
			buildRules = (
			);
			dependencies = (
			);
			name = "TODO List";
			productName = "TODO List";
			productReference = 4E3F70D92C60A34600DF844C /* TODO List.app */;
			productType = "com.apple.product-type.application";
		};
		4E3F70EE2C60A34A00DF844C /* TODO ListTests */ = {
			isa = PBXNativeTarget;
			buildConfigurationList = 4E3F71062C60A34A00DF844C /* Build configuration list for PBXNativeTarget "TODO ListTests" */;
			buildPhases = (
				7F51825CB09636881A8094CF /* [CP] Check Pods Manifest.lock */,
				4E3F70EB2C60A34A00DF844C /* Sources */,
				4E3F70EC2C60A34A00DF844C /* Frameworks */,
				4E3F70ED2C60A34A00DF844C /* Resources */,
			);
			buildRules = (
			);
			dependencies = (
				4E3F70F12C60A34A00DF844C /* PBXTargetDependency */,
			);
			name = "TODO ListTests";
			productName = "TODO ListTests";
			productReference = 4E3F70EF2C60A34A00DF844C /* TODO ListTests.xctest */;
			productType = "com.apple.product-type.bundle.unit-test";
		};
		4E3F70F82C60A34A00DF844C /* TODO ListUITests */ = {
			isa = PBXNativeTarget;
			buildConfigurationList = 4E3F71092C60A34A00DF844C /* Build configuration list for PBXNativeTarget "TODO ListUITests" */;
			buildPhases = (
				726ABD7CF694FF877EB89A05 /* [CP] Check Pods Manifest.lock */,
				4E3F70F52C60A34A00DF844C /* Sources */,
				4E3F70F62C60A34A00DF844C /* Frameworks */,
				4E3F70F72C60A34A00DF844C /* Resources */,
				8A4742620D619AFA05757E2D /* [CP] Embed Pods Frameworks */,
			);
			buildRules = (
			);
			dependencies = (
				4E3F70FB2C60A34A00DF844C /* PBXTargetDependency */,
			);
			name = "TODO ListUITests";
			productName = "TODO ListUITests";
			productReference = 4E3F70F92C60A34A00DF844C /* TODO ListUITests.xctest */;
			productType = "com.apple.product-type.bundle.ui-testing";
		};
/* End PBXNativeTarget section */

/* Begin PBXProject section */
		4E3F70D12C60A34600DF844C /* Project object */ = {
			isa = PBXProject;
			attributes = {
				BuildIndependentTargetsInParallel = 1;
				LastSwiftUpdateCheck = 1540;
				LastUpgradeCheck = 1540;
				TargetAttributes = {
					4E3F70D82C60A34600DF844C = {
						CreatedOnToolsVersion = 15.4;
					};
					4E3F70EE2C60A34A00DF844C = {
						CreatedOnToolsVersion = 15.4;
						TestTargetID = 4E3F70D82C60A34600DF844C;
					};
					4E3F70F82C60A34A00DF844C = {
						CreatedOnToolsVersion = 15.4;
						TestTargetID = 4E3F70D82C60A34600DF844C;
					};
				};
			};
			buildConfigurationList = 4E3F70D42C60A34600DF844C /* Build configuration list for PBXProject "TODO List" */;
			compatibilityVersion = "Xcode 14.0";
			developmentRegion = en;
			hasScannedForEncodings = 0;
			knownRegions = (
				en,
				Base,
			);
			mainGroup = 4E3F70D02C60A34600DF844C;
			productRefGroup = 4E3F70DA2C60A34600DF844C /* Products */;
			projectDirPath = "";
			projectRoot = "";
			targets = (
				4E3F70D82C60A34600DF844C /* TODO List */,
				4E3F70EE2C60A34A00DF844C /* TODO ListTests */,
				4E3F70F82C60A34A00DF844C /* TODO ListUITests */,
			);
		};
/* End PBXProject section */

/* Begin PBXResourcesBuildPhase section */
		4E3F70D72C60A34600DF844C /* Resources */ = {
			isa = PBXResourcesBuildPhase;
			buildActionMask = 2147483647;
			files = (
				4E3F70E62C60A34A00DF844C /* Assets.xcassets in Resources */,
				4E3F70E92C60A34A00DF844C /* Base in Resources */,
			);
			runOnlyForDeploymentPostprocessing = 0;
		};
		4E3F70ED2C60A34A00DF844C /* Resources */ = {
			isa = PBXResourcesBuildPhase;
			buildActionMask = 2147483647;
			files = (
			);
			runOnlyForDeploymentPostprocessing = 0;
		};
		4E3F70F72C60A34A00DF844C /* Resources */ = {
			isa = PBXResourcesBuildPhase;
			buildActionMask = 2147483647;
			files = (
			);
			runOnlyForDeploymentPostprocessing = 0;
		};
/* End PBXResourcesBuildPhase section */

/* Begin PBXShellScriptBuildPhase section */
		60AB73E6EE8F0C55EC0AE8DB /* [CP] Embed Pods Frameworks */ = {
			isa = PBXShellScriptBuildPhase;
			buildActionMask = 2147483647;
			files = (
			);
			inputFileListPaths = (
				"${PODS_ROOT}/Target Support Files/Pods-TODO List/Pods-TODO List-frameworks-${CONFIGURATION}-input-files.xcfilelist",
			);
			name = "[CP] Embed Pods Frameworks";
			outputFileListPaths = (
				"${PODS_ROOT}/Target Support Files/Pods-TODO List/Pods-TODO List-frameworks-${CONFIGURATION}-output-files.xcfilelist",
			);
			runOnlyForDeploymentPostprocessing = 0;
			shellPath = /bin/sh;
			shellScript = "\"${PODS_ROOT}/Target Support Files/Pods-TODO List/Pods-TODO List-frameworks.sh\"\n";
			showEnvVarsInLog = 0;
		};
		726ABD7CF694FF877EB89A05 /* [CP] Check Pods Manifest.lock */ = {
			isa = PBXShellScriptBuildPhase;
			buildActionMask = 2147483647;
			files = (
			);
			inputFileListPaths = (
			);
			inputPaths = (
				"${PODS_PODFILE_DIR_PATH}/Podfile.lock",
				"${PODS_ROOT}/Manifest.lock",
			);
			name = "[CP] Check Pods Manifest.lock";
			outputFileListPaths = (
			);
			outputPaths = (
				"$(DERIVED_FILE_DIR)/Pods-TODO List-TODO ListUITests-checkManifestLockResult.txt",
			);
			runOnlyForDeploymentPostprocessing = 0;
			shellPath = /bin/sh;
			shellScript = "diff \"${PODS_PODFILE_DIR_PATH}/Podfile.lock\" \"${PODS_ROOT}/Manifest.lock\" > /dev/null\nif [ $? != 0 ] ; then\n    # print error to STDERR\n    echo \"error: The sandbox is not in sync with the Podfile.lock. Run 'pod install' or update your CocoaPods installation.\" >&2\n    exit 1\nfi\n# This output is used by Xcode 'outputs' to avoid re-running this script phase.\necho \"SUCCESS\" > \"${SCRIPT_OUTPUT_FILE_0}\"\n";
			showEnvVarsInLog = 0;
		};
		7F51825CB09636881A8094CF /* [CP] Check Pods Manifest.lock */ = {
			isa = PBXShellScriptBuildPhase;
			buildActionMask = 2147483647;
			files = (
			);
			inputFileListPaths = (
			);
			inputPaths = (
				"${PODS_PODFILE_DIR_PATH}/Podfile.lock",
				"${PODS_ROOT}/Manifest.lock",
			);
			name = "[CP] Check Pods Manifest.lock";
			outputFileListPaths = (
			);
			outputPaths = (
				"$(DERIVED_FILE_DIR)/Pods-TODO ListTests-checkManifestLockResult.txt",
			);
			runOnlyForDeploymentPostprocessing = 0;
			shellPath = /bin/sh;
			shellScript = "diff \"${PODS_PODFILE_DIR_PATH}/Podfile.lock\" \"${PODS_ROOT}/Manifest.lock\" > /dev/null\nif [ $? != 0 ] ; then\n    # print error to STDERR\n    echo \"error: The sandbox is not in sync with the Podfile.lock. Run 'pod install' or update your CocoaPods installation.\" >&2\n    exit 1\nfi\n# This output is used by Xcode 'outputs' to avoid re-running this script phase.\necho \"SUCCESS\" > \"${SCRIPT_OUTPUT_FILE_0}\"\n";
			showEnvVarsInLog = 0;
		};
		8A4742620D619AFA05757E2D /* [CP] Embed Pods Frameworks */ = {
			isa = PBXShellScriptBuildPhase;
			buildActionMask = 2147483647;
			files = (
			);
			inputFileListPaths = (
				"${PODS_ROOT}/Target Support Files/Pods-TODO List-TODO ListUITests/Pods-TODO List-TODO ListUITests-frameworks-${CONFIGURATION}-input-files.xcfilelist",
			);
			name = "[CP] Embed Pods Frameworks";
			outputFileListPaths = (
				"${PODS_ROOT}/Target Support Files/Pods-TODO List-TODO ListUITests/Pods-TODO List-TODO ListUITests-frameworks-${CONFIGURATION}-output-files.xcfilelist",
			);
			runOnlyForDeploymentPostprocessing = 0;
			shellPath = /bin/sh;
			shellScript = "\"${PODS_ROOT}/Target Support Files/Pods-TODO List-TODO ListUITests/Pods-TODO List-TODO ListUITests-frameworks.sh\"\n";
			showEnvVarsInLog = 0;
		};
		907B0E7B041CA12F50A5C7C4 /* [CP] Check Pods Manifest.lock */ = {
			isa = PBXShellScriptBuildPhase;
			buildActionMask = 2147483647;
			files = (
			);
			inputFileListPaths = (
			);
			inputPaths = (
				"${PODS_PODFILE_DIR_PATH}/Podfile.lock",
				"${PODS_ROOT}/Manifest.lock",
			);
			name = "[CP] Check Pods Manifest.lock";
			outputFileListPaths = (
			);
			outputPaths = (
				"$(DERIVED_FILE_DIR)/Pods-TODO List-checkManifestLockResult.txt",
			);
			runOnlyForDeploymentPostprocessing = 0;
			shellPath = /bin/sh;
			shellScript = "diff \"${PODS_PODFILE_DIR_PATH}/Podfile.lock\" \"${PODS_ROOT}/Manifest.lock\" > /dev/null\nif [ $? != 0 ] ; then\n    # print error to STDERR\n    echo \"error: The sandbox is not in sync with the Podfile.lock. Run 'pod install' or update your CocoaPods installation.\" >&2\n    exit 1\nfi\n# This output is used by Xcode 'outputs' to avoid re-running this script phase.\necho \"SUCCESS\" > \"${SCRIPT_OUTPUT_FILE_0}\"\n";
			showEnvVarsInLog = 0;
		};
/* End PBXShellScriptBuildPhase section */

/* Begin PBXSourcesBuildPhase section */
		4E3F70D52C60A34600DF844C /* Sources */ = {
			isa = PBXSourcesBuildPhase;
			buildActionMask = 2147483647;
			files = (
				4E46C23A2C6E0FB100A9CAF7 /* HomeDataWorker.swift in Sources */,
				4E46C22A2C6638DD00A9CAF7 /* EnterTaskRouter.swift in Sources */,
				4E46C1E32C63AF5500A9CAF7 /* LocalRouter.swift in Sources */,
				4E46C1DC2C63AC7300A9CAF7 /* TasksModel.xcdatamodeld in Sources */,
				4E46C1DE2C63AC7300A9CAF7 /* HomeViewController.swift in Sources */,
				4E46C2222C661F3600A9CAF7 /* BaseInteractor.swift in Sources */,
				4E46C1DA2C63AC7300A9CAF7 /* Task+CoreDataClass.swift in Sources */,
				4E46C2132C66107B00A9CAF7 /* EnterTaskInteractor.swift in Sources */,
				4E46C2402C6E13EF00A9CAF7 /* HomeSceneConfigurator.swift in Sources */,
				4E46C2022C65042000A9CAF7 /* HomeRouter.swift in Sources */,
				4E46C2242C661F3C00A9CAF7 /* BaseRouter.swift in Sources */,
				4E3F717C2C6220B700DF844C /* CloudEntity.swift in Sources */,
				4E46C1ED2C64B45300A9CAF7 /* CloudPresenter.swift in Sources */,
				4E46C1D62C63AC7300A9CAF7 /* TasksViewController.swift in Sources */,
				4E46C1F12C64CB8200A9CAF7 /* ToDoViewModel.swift in Sources */,
				4E46C1DD2C63AC7300A9CAF7 /* EntryViewController.swift in Sources */,
				4E46C1EF2C64BAB000A9CAF7 /* CloudInteractor.swift in Sources */,
				4E3F715A2C60D3CF00DF844C /* Checkbox.swift in Sources */,
				4E3F71732C60FBE900DF844C /* TabView.swift in Sources */,
				4E46C2082C65FA0100A9CAF7 /* TaskViewModel.swift in Sources */,
				4E46C22C2C6A1EF300A9CAF7 /* MyResult.swift in Sources */,
				4E46C1E02C63AC7300A9CAF7 /* LocalTasksProtocols.swift in Sources */,
				4E46C1DB2C63AC7300A9CAF7 /* Task+CoreDataProperties.swift in Sources */,
				4E46C1EB2C64B26500A9CAF7 /* CloudProtocols.swift in Sources */,
				4E46C1D52C63AC7300A9CAF7 /* TaskCell.swift in Sources */,
				4E3F70DD2C60A34600DF844C /* AppDelegate.swift in Sources */,
				4E3F71742C60FBE900DF844C /* TabViewItem.swift in Sources */,
				4E3F71782C6103BB00DF844C /* CloudViewController.swift in Sources */,
				4E46C1FC2C6503FB00A9CAF7 /* HomeProtocols.swift in Sources */,
				4E46C2282C662F1E00A9CAF7 /* CloudSceneConfigurator.swift in Sources */,
				4E46C1D72C63AC7300A9CAF7 /* LocalInteractor.swift in Sources */,
				4E3F71762C60FC3D00DF844C /* BaseViewController.swift in Sources */,
				4E46C23D2C6E12F500A9CAF7 /* SceneFactory.swift in Sources */,
				4E46C2042C65061800A9CAF7 /* ListViewModel.swift in Sources */,
				4E46C21E2C661F2400A9CAF7 /* BaseProtocols.swift in Sources */,
				4E46C2372C6E049700A9CAF7 /* CloudSceneFetchTasksWorker.swift in Sources */,
				4E46C2342C6B3B2700A9CAF7 /* DataManager.swift in Sources */,
				4E3F70DF2C60A34600DF844C /* SceneDelegate.swift in Sources */,
				4E46C2152C66108500A9CAF7 /* EnterTaskPresenter.swift in Sources */,
				4E46C2112C660ECF00A9CAF7 /* EnterTaskProtocols.swift in Sources */,
				4E46C1D82C63AC7300A9CAF7 /* Group+CoreDataClass.swift in Sources */,
				4E46C1FE2C65040500A9CAF7 /* HomePresenter.swift in Sources */,
				4E46C1DF2C63AC7300A9CAF7 /* LocalPresenter.swift in Sources */,
				4E46C2202C661F2D00A9CAF7 /* BasePresenter.swift in Sources */,
				4E46C1D92C63AC7300A9CAF7 /* Group+CoreDataProperties.swift in Sources */,
				4E46C2002C65041200A9CAF7 /* HomeInteractor.swift in Sources */,
			);
			runOnlyForDeploymentPostprocessing = 0;
		};
		4E3F70EB2C60A34A00DF844C /* Sources */ = {
			isa = PBXSourcesBuildPhase;
			buildActionMask = 2147483647;
			files = (
				4E3F70F42C60A34A00DF844C /* TODO_ListTests.swift in Sources */,
			);
			runOnlyForDeploymentPostprocessing = 0;
		};
		4E3F70F52C60A34A00DF844C /* Sources */ = {
			isa = PBXSourcesBuildPhase;
			buildActionMask = 2147483647;
			files = (
				4E3F71002C60A34A00DF844C /* TODO_ListUITestsLaunchTests.swift in Sources */,
				4E3F70FE2C60A34A00DF844C /* TODO_ListUITests.swift in Sources */,
			);
			runOnlyForDeploymentPostprocessing = 0;
		};
/* End PBXSourcesBuildPhase section */

/* Begin PBXTargetDependency section */
		4E3F70F12C60A34A00DF844C /* PBXTargetDependency */ = {
			isa = PBXTargetDependency;
			target = 4E3F70D82C60A34600DF844C /* TODO List */;
			targetProxy = 4E3F70F02C60A34A00DF844C /* PBXContainerItemProxy */;
		};
		4E3F70FB2C60A34A00DF844C /* PBXTargetDependency */ = {
			isa = PBXTargetDependency;
			target = 4E3F70D82C60A34600DF844C /* TODO List */;
			targetProxy = 4E3F70FA2C60A34A00DF844C /* PBXContainerItemProxy */;
		};
/* End PBXTargetDependency section */

/* Begin PBXVariantGroup section */
		4E3F70E72C60A34A00DF844C /* LaunchScreen.storyboard */ = {
			isa = PBXVariantGroup;
			children = (
				4E3F70E82C60A34A00DF844C /* Base */,
			);
			name = LaunchScreen.storyboard;
			sourceTree = "<group>";
		};
/* End PBXVariantGroup section */

/* Begin XCBuildConfiguration section */
		4E3F71012C60A34A00DF844C /* Debug */ = {
			isa = XCBuildConfiguration;
			buildSettings = {
				ALWAYS_SEARCH_USER_PATHS = NO;
				ASSETCATALOG_COMPILER_GENERATE_SWIFT_ASSET_SYMBOL_EXTENSIONS = YES;
				CLANG_ANALYZER_NONNULL = YES;
				CLANG_ANALYZER_NUMBER_OBJECT_CONVERSION = YES_AGGRESSIVE;
				CLANG_CXX_LANGUAGE_STANDARD = "gnu++20";
				CLANG_ENABLE_MODULES = YES;
				CLANG_ENABLE_OBJC_ARC = YES;
				CLANG_ENABLE_OBJC_WEAK = YES;
				CLANG_WARN_BLOCK_CAPTURE_AUTORELEASING = YES;
				CLANG_WARN_BOOL_CONVERSION = YES;
				CLANG_WARN_COMMA = YES;
				CLANG_WARN_CONSTANT_CONVERSION = YES;
				CLANG_WARN_DEPRECATED_OBJC_IMPLEMENTATIONS = YES;
				CLANG_WARN_DIRECT_OBJC_ISA_USAGE = YES_ERROR;
				CLANG_WARN_DOCUMENTATION_COMMENTS = YES;
				CLANG_WARN_EMPTY_BODY = YES;
				CLANG_WARN_ENUM_CONVERSION = YES;
				CLANG_WARN_INFINITE_RECURSION = YES;
				CLANG_WARN_INT_CONVERSION = YES;
				CLANG_WARN_NON_LITERAL_NULL_CONVERSION = YES;
				CLANG_WARN_OBJC_IMPLICIT_RETAIN_SELF = YES;
				CLANG_WARN_OBJC_LITERAL_CONVERSION = YES;
				CLANG_WARN_OBJC_ROOT_CLASS = YES_ERROR;
				CLANG_WARN_QUOTED_INCLUDE_IN_FRAMEWORK_HEADER = YES;
				CLANG_WARN_RANGE_LOOP_ANALYSIS = YES;
				CLANG_WARN_STRICT_PROTOTYPES = YES;
				CLANG_WARN_SUSPICIOUS_MOVE = YES;
				CLANG_WARN_UNGUARDED_AVAILABILITY = YES_AGGRESSIVE;
				CLANG_WARN_UNREACHABLE_CODE = YES;
				CLANG_WARN__DUPLICATE_METHOD_MATCH = YES;
				COPY_PHASE_STRIP = NO;
				DEBUG_INFORMATION_FORMAT = dwarf;
				ENABLE_STRICT_OBJC_MSGSEND = YES;
				ENABLE_TESTABILITY = YES;
				ENABLE_USER_SCRIPT_SANDBOXING = NO;
				GCC_C_LANGUAGE_STANDARD = gnu17;
				GCC_DYNAMIC_NO_PIC = NO;
				GCC_NO_COMMON_BLOCKS = YES;
				GCC_OPTIMIZATION_LEVEL = 0;
				GCC_PREPROCESSOR_DEFINITIONS = (
					"DEBUG=1",
					"$(inherited)",
				);
				GCC_WARN_64_TO_32_BIT_CONVERSION = YES;
				GCC_WARN_ABOUT_RETURN_TYPE = YES_ERROR;
				GCC_WARN_UNDECLARED_SELECTOR = YES;
				GCC_WARN_UNINITIALIZED_AUTOS = YES_AGGRESSIVE;
				GCC_WARN_UNUSED_FUNCTION = YES;
				GCC_WARN_UNUSED_VARIABLE = YES;
				IPHONEOS_DEPLOYMENT_TARGET = 17.5;
				LOCALIZATION_PREFERS_STRING_CATALOGS = YES;
				MTL_ENABLE_DEBUG_INFO = INCLUDE_SOURCE;
				MTL_FAST_MATH = YES;
				ONLY_ACTIVE_ARCH = YES;
				SDKROOT = iphoneos;
				SWIFT_ACTIVE_COMPILATION_CONDITIONS = "DEBUG $(inherited)";
				SWIFT_OPTIMIZATION_LEVEL = "-Onone";
			};
			name = Debug;
		};
		4E3F71022C60A34A00DF844C /* Release */ = {
			isa = XCBuildConfiguration;
			buildSettings = {
				ALWAYS_SEARCH_USER_PATHS = NO;
				ASSETCATALOG_COMPILER_GENERATE_SWIFT_ASSET_SYMBOL_EXTENSIONS = YES;
				CLANG_ANALYZER_NONNULL = YES;
				CLANG_ANALYZER_NUMBER_OBJECT_CONVERSION = YES_AGGRESSIVE;
				CLANG_CXX_LANGUAGE_STANDARD = "gnu++20";
				CLANG_ENABLE_MODULES = YES;
				CLANG_ENABLE_OBJC_ARC = YES;
				CLANG_ENABLE_OBJC_WEAK = YES;
				CLANG_WARN_BLOCK_CAPTURE_AUTORELEASING = YES;
				CLANG_WARN_BOOL_CONVERSION = YES;
				CLANG_WARN_COMMA = YES;
				CLANG_WARN_CONSTANT_CONVERSION = YES;
				CLANG_WARN_DEPRECATED_OBJC_IMPLEMENTATIONS = YES;
				CLANG_WARN_DIRECT_OBJC_ISA_USAGE = YES_ERROR;
				CLANG_WARN_DOCUMENTATION_COMMENTS = YES;
				CLANG_WARN_EMPTY_BODY = YES;
				CLANG_WARN_ENUM_CONVERSION = YES;
				CLANG_WARN_INFINITE_RECURSION = YES;
				CLANG_WARN_INT_CONVERSION = YES;
				CLANG_WARN_NON_LITERAL_NULL_CONVERSION = YES;
				CLANG_WARN_OBJC_IMPLICIT_RETAIN_SELF = YES;
				CLANG_WARN_OBJC_LITERAL_CONVERSION = YES;
				CLANG_WARN_OBJC_ROOT_CLASS = YES_ERROR;
				CLANG_WARN_QUOTED_INCLUDE_IN_FRAMEWORK_HEADER = YES;
				CLANG_WARN_RANGE_LOOP_ANALYSIS = YES;
				CLANG_WARN_STRICT_PROTOTYPES = YES;
				CLANG_WARN_SUSPICIOUS_MOVE = YES;
				CLANG_WARN_UNGUARDED_AVAILABILITY = YES_AGGRESSIVE;
				CLANG_WARN_UNREACHABLE_CODE = YES;
				CLANG_WARN__DUPLICATE_METHOD_MATCH = YES;
				COPY_PHASE_STRIP = NO;
				DEBUG_INFORMATION_FORMAT = "dwarf-with-dsym";
				ENABLE_NS_ASSERTIONS = NO;
				ENABLE_STRICT_OBJC_MSGSEND = YES;
				ENABLE_USER_SCRIPT_SANDBOXING = NO;
				GCC_C_LANGUAGE_STANDARD = gnu17;
				GCC_NO_COMMON_BLOCKS = YES;
				GCC_WARN_64_TO_32_BIT_CONVERSION = YES;
				GCC_WARN_ABOUT_RETURN_TYPE = YES_ERROR;
				GCC_WARN_UNDECLARED_SELECTOR = YES;
				GCC_WARN_UNINITIALIZED_AUTOS = YES_AGGRESSIVE;
				GCC_WARN_UNUSED_FUNCTION = YES;
				GCC_WARN_UNUSED_VARIABLE = YES;
				IPHONEOS_DEPLOYMENT_TARGET = 17.5;
				LOCALIZATION_PREFERS_STRING_CATALOGS = YES;
				MTL_ENABLE_DEBUG_INFO = NO;
				MTL_FAST_MATH = YES;
				SDKROOT = iphoneos;
				SWIFT_COMPILATION_MODE = wholemodule;
				VALIDATE_PRODUCT = YES;
			};
			name = Release;
		};
		4E3F71042C60A34A00DF844C /* Debug */ = {
			isa = XCBuildConfiguration;
			baseConfigurationReference = 99615CBA306ACC58ACE8DA09 /* Pods-TODO List.debug.xcconfig */;
			buildSettings = {
				ASSETCATALOG_COMPILER_APPICON_NAME = AppIcon;
				ASSETCATALOG_COMPILER_GLOBAL_ACCENT_COLOR_NAME = AccentColor;
				CODE_SIGN_STYLE = Automatic;
				CURRENT_PROJECT_VERSION = 1;
				DEVELOPMENT_TEAM = RAAZ9A398U;
				GENERATE_INFOPLIST_FILE = YES;
				INFOPLIST_FILE = "TODO List/Info.plist";
				INFOPLIST_KEY_UIApplicationSupportsIndirectInputEvents = YES;
				INFOPLIST_KEY_UILaunchStoryboardName = LaunchScreen;
				INFOPLIST_KEY_UISupportedInterfaceOrientations_iPad = "UIInterfaceOrientationPortrait UIInterfaceOrientationPortraitUpsideDown UIInterfaceOrientationLandscapeLeft UIInterfaceOrientationLandscapeRight";
				INFOPLIST_KEY_UISupportedInterfaceOrientations_iPhone = "UIInterfaceOrientationPortrait UIInterfaceOrientationLandscapeLeft UIInterfaceOrientationLandscapeRight";
				LD_RUNPATH_SEARCH_PATHS = (
					"$(inherited)",
					"@executable_path/Frameworks",
				);
				MARKETING_VERSION = 1.0;
				PRODUCT_BUNDLE_IDENTIFIER = "mustafa.TODO-List";
				PRODUCT_NAME = "$(TARGET_NAME)";
				SWIFT_EMIT_LOC_STRINGS = YES;
				SWIFT_VERSION = 5.0;
				TARGETED_DEVICE_FAMILY = "1,2";
			};
			name = Debug;
		};
		4E3F71052C60A34A00DF844C /* Release */ = {
			isa = XCBuildConfiguration;
			baseConfigurationReference = E0D27370C7FB6142F1B8CA0D /* Pods-TODO List.release.xcconfig */;
			buildSettings = {
				ASSETCATALOG_COMPILER_APPICON_NAME = AppIcon;
				ASSETCATALOG_COMPILER_GLOBAL_ACCENT_COLOR_NAME = AccentColor;
				CODE_SIGN_STYLE = Automatic;
				CURRENT_PROJECT_VERSION = 1;
				DEVELOPMENT_TEAM = RAAZ9A398U;
				GENERATE_INFOPLIST_FILE = YES;
				INFOPLIST_FILE = "TODO List/Info.plist";
				INFOPLIST_KEY_UIApplicationSupportsIndirectInputEvents = YES;
				INFOPLIST_KEY_UILaunchStoryboardName = LaunchScreen;
				INFOPLIST_KEY_UISupportedInterfaceOrientations_iPad = "UIInterfaceOrientationPortrait UIInterfaceOrientationPortraitUpsideDown UIInterfaceOrientationLandscapeLeft UIInterfaceOrientationLandscapeRight";
				INFOPLIST_KEY_UISupportedInterfaceOrientations_iPhone = "UIInterfaceOrientationPortrait UIInterfaceOrientationLandscapeLeft UIInterfaceOrientationLandscapeRight";
				LD_RUNPATH_SEARCH_PATHS = (
					"$(inherited)",
					"@executable_path/Frameworks",
				);
				MARKETING_VERSION = 1.0;
				PRODUCT_BUNDLE_IDENTIFIER = "mustafa.TODO-List";
				PRODUCT_NAME = "$(TARGET_NAME)";
				SWIFT_EMIT_LOC_STRINGS = YES;
				SWIFT_VERSION = 5.0;
				TARGETED_DEVICE_FAMILY = "1,2";
			};
			name = Release;
		};
		4E3F71072C60A34A00DF844C /* Debug */ = {
			isa = XCBuildConfiguration;
			baseConfigurationReference = 634A34C850D2CD06A5360F48 /* Pods-TODO ListTests.debug.xcconfig */;
			buildSettings = {
				ALWAYS_EMBED_SWIFT_STANDARD_LIBRARIES = YES;
				BUNDLE_LOADER = "$(TEST_HOST)";
				CODE_SIGN_STYLE = Automatic;
				CURRENT_PROJECT_VERSION = 1;
				DEVELOPMENT_TEAM = RAAZ9A398U;
				GENERATE_INFOPLIST_FILE = YES;
				IPHONEOS_DEPLOYMENT_TARGET = 17.5;
				MARKETING_VERSION = 1.0;
				PRODUCT_BUNDLE_IDENTIFIER = "mustafa.TODO-ListTests";
				PRODUCT_NAME = "$(TARGET_NAME)";
				SWIFT_EMIT_LOC_STRINGS = NO;
				SWIFT_VERSION = 5.0;
				TARGETED_DEVICE_FAMILY = "1,2";
				TEST_HOST = "$(BUILT_PRODUCTS_DIR)/TODO List.app/$(BUNDLE_EXECUTABLE_FOLDER_PATH)/TODO List";
			};
			name = Debug;
		};
		4E3F71082C60A34A00DF844C /* Release */ = {
			isa = XCBuildConfiguration;
			baseConfigurationReference = FF1B82D4129D930C97A88C56 /* Pods-TODO ListTests.release.xcconfig */;
			buildSettings = {
				ALWAYS_EMBED_SWIFT_STANDARD_LIBRARIES = YES;
				BUNDLE_LOADER = "$(TEST_HOST)";
				CODE_SIGN_STYLE = Automatic;
				CURRENT_PROJECT_VERSION = 1;
				DEVELOPMENT_TEAM = RAAZ9A398U;
				GENERATE_INFOPLIST_FILE = YES;
				IPHONEOS_DEPLOYMENT_TARGET = 17.5;
				MARKETING_VERSION = 1.0;
				PRODUCT_BUNDLE_IDENTIFIER = "mustafa.TODO-ListTests";
				PRODUCT_NAME = "$(TARGET_NAME)";
				SWIFT_EMIT_LOC_STRINGS = NO;
				SWIFT_VERSION = 5.0;
				TARGETED_DEVICE_FAMILY = "1,2";
				TEST_HOST = "$(BUILT_PRODUCTS_DIR)/TODO List.app/$(BUNDLE_EXECUTABLE_FOLDER_PATH)/TODO List";
			};
			name = Release;
		};
		4E3F710A2C60A34A00DF844C /* Debug */ = {
			isa = XCBuildConfiguration;
			baseConfigurationReference = 595E2AA9F81066A6D38A583B /* Pods-TODO List-TODO ListUITests.debug.xcconfig */;
			buildSettings = {
				ALWAYS_EMBED_SWIFT_STANDARD_LIBRARIES = YES;
				CODE_SIGN_STYLE = Automatic;
				CURRENT_PROJECT_VERSION = 1;
				DEVELOPMENT_TEAM = RAAZ9A398U;
				GENERATE_INFOPLIST_FILE = YES;
				MARKETING_VERSION = 1.0;
				PRODUCT_BUNDLE_IDENTIFIER = "mustafa.TODO-ListUITests";
				PRODUCT_NAME = "$(TARGET_NAME)";
				SWIFT_EMIT_LOC_STRINGS = NO;
				SWIFT_VERSION = 5.0;
				TARGETED_DEVICE_FAMILY = "1,2";
				TEST_TARGET_NAME = "TODO List";
			};
			name = Debug;
		};
		4E3F710B2C60A34A00DF844C /* Release */ = {
			isa = XCBuildConfiguration;
			baseConfigurationReference = 3162BC19E83C3A6A6E662075 /* Pods-TODO List-TODO ListUITests.release.xcconfig */;
			buildSettings = {
				ALWAYS_EMBED_SWIFT_STANDARD_LIBRARIES = YES;
				CODE_SIGN_STYLE = Automatic;
				CURRENT_PROJECT_VERSION = 1;
				DEVELOPMENT_TEAM = RAAZ9A398U;
				GENERATE_INFOPLIST_FILE = YES;
				MARKETING_VERSION = 1.0;
				PRODUCT_BUNDLE_IDENTIFIER = "mustafa.TODO-ListUITests";
				PRODUCT_NAME = "$(TARGET_NAME)";
				SWIFT_EMIT_LOC_STRINGS = NO;
				SWIFT_VERSION = 5.0;
				TARGETED_DEVICE_FAMILY = "1,2";
				TEST_TARGET_NAME = "TODO List";
			};
			name = Release;
		};
/* End XCBuildConfiguration section */

/* Begin XCConfigurationList section */
		4E3F70D42C60A34600DF844C /* Build configuration list for PBXProject "TODO List" */ = {
			isa = XCConfigurationList;
			buildConfigurations = (
				4E3F71012C60A34A00DF844C /* Debug */,
				4E3F71022C60A34A00DF844C /* Release */,
			);
			defaultConfigurationIsVisible = 0;
			defaultConfigurationName = Release;
		};
		4E3F71032C60A34A00DF844C /* Build configuration list for PBXNativeTarget "TODO List" */ = {
			isa = XCConfigurationList;
			buildConfigurations = (
				4E3F71042C60A34A00DF844C /* Debug */,
				4E3F71052C60A34A00DF844C /* Release */,
			);
			defaultConfigurationIsVisible = 0;
			defaultConfigurationName = Release;
		};
		4E3F71062C60A34A00DF844C /* Build configuration list for PBXNativeTarget "TODO ListTests" */ = {
			isa = XCConfigurationList;
			buildConfigurations = (
				4E3F71072C60A34A00DF844C /* Debug */,
				4E3F71082C60A34A00DF844C /* Release */,
			);
			defaultConfigurationIsVisible = 0;
			defaultConfigurationName = Release;
		};
		4E3F71092C60A34A00DF844C /* Build configuration list for PBXNativeTarget "TODO ListUITests" */ = {
			isa = XCConfigurationList;
			buildConfigurations = (
				4E3F710A2C60A34A00DF844C /* Debug */,
				4E3F710B2C60A34A00DF844C /* Release */,
			);
			defaultConfigurationIsVisible = 0;
			defaultConfigurationName = Release;
		};
/* End XCConfigurationList section */

/* Begin XCVersionGroup section */
		4E46C1CB2C63AC7300A9CAF7 /* TasksModel.xcdatamodeld */ = {
			isa = XCVersionGroup;
			children = (
				4E46C1CD2C63AC7300A9CAF7 /* TasksModel.xcdatamodel */,
			);
			currentVersion = 4E46C1CD2C63AC7300A9CAF7 /* TasksModel.xcdatamodel */;
			name = TasksModel.xcdatamodeld;
			path = "/Users/mustafajawad/Documents/Projects/TODO List/Local Tasks/Entity/TasksModel.xcdatamodeld";
			sourceTree = "<group>";
			versionGroupType = wrapper.xcdatamodel;
		};
/* End XCVersionGroup section */
	};
	rootObject = 4E3F70D12C60A34600DF844C /* Project object */;
}
