// !$*UTF8*$!
{
	archiveVersion = 1;
	classes = {
	};
	objectVersion = 56;
	objects = {

/* Begin PBXBuildFile section */
		4E3F70DD2C60A34600DF844C /* AppDelegate.swift in Sources */ = {isa = PBXBuildFile; fileRef = 4E3F70DC2C60A34600DF844C /* AppDelegate.swift */; };
		4E3F70DF2C60A34600DF844C /* SceneDelegate.swift in Sources */ = {isa = PBXBuildFile; fileRef = 4E3F70DE2C60A34600DF844C /* SceneDelegate.swift */; };
		4E3F70E12C60A34600DF844C /* HomeViewController.swift in Sources */ = {isa = PBXBuildFile; fileRef = 4E3F70E02C60A34600DF844C /* HomeViewController.swift */; };
		4E3F70E62C60A34A00DF844C /* Assets.xcassets in Resources */ = {isa = PBXBuildFile; fileRef = 4E3F70E52C60A34A00DF844C /* Assets.xcassets */; };
		4E3F70E92C60A34A00DF844C /* Base in Resources */ = {isa = PBXBuildFile; fileRef = 4E3F70E82C60A34A00DF844C /* Base */; };
		4E3F70F42C60A34A00DF844C /* TODO_ListTests.swift in Sources */ = {isa = PBXBuildFile; fileRef = 4E3F70F32C60A34A00DF844C /* TODO_ListTests.swift */; };
		4E3F70FE2C60A34A00DF844C /* TODO_ListUITests.swift in Sources */ = {isa = PBXBuildFile; fileRef = 4E3F70FD2C60A34A00DF844C /* TODO_ListUITests.swift */; };
		4E3F71002C60A34A00DF844C /* TODO_ListUITestsLaunchTests.swift in Sources */ = {isa = PBXBuildFile; fileRef = 4E3F70FF2C60A34A00DF844C /* TODO_ListUITestsLaunchTests.swift */; };
		4E3F710E2C60AEF400DF844C /* EntryViewController.swift in Sources */ = {isa = PBXBuildFile; fileRef = 4E3F710D2C60AEF400DF844C /* EntryViewController.swift */; };
		4E3F71102C60AF0E00DF844C /* TaskViewController.swift in Sources */ = {isa = PBXBuildFile; fileRef = 4E3F710F2C60AF0E00DF844C /* TaskViewController.swift */; };
		4E3F71522C60BBEC00DF844C /* TasksModel.xcdatamodeld in Sources */ = {isa = PBXBuildFile; fileRef = 4E3F71502C60BBEC00DF844C /* TasksModel.xcdatamodeld */; };
		4E3F71552C60BD3700DF844C /* Task+CoreDataClass.swift in Sources */ = {isa = PBXBuildFile; fileRef = 4E3F71532C60BD3700DF844C /* Task+CoreDataClass.swift */; };
		4E3F71562C60BD3700DF844C /* Task+CoreDataProperties.swift in Sources */ = {isa = PBXBuildFile; fileRef = 4E3F71542C60BD3700DF844C /* Task+CoreDataProperties.swift */; };
		4E3F715A2C60D3CF00DF844C /* Checkbox.swift in Sources */ = {isa = PBXBuildFile; fileRef = 4E3F71592C60D3CF00DF844C /* Checkbox.swift */; };
		4E3F715E2C60D43000DF844C /* TaskCell.swift in Sources */ = {isa = PBXBuildFile; fileRef = 4E3F715D2C60D43000DF844C /* TaskCell.swift */; };
/* End PBXBuildFile section */

/* Begin PBXContainerItemProxy section */
		4E3F70F02C60A34A00DF844C /* PBXContainerItemProxy */ = {
			isa = PBXContainerItemProxy;
			containerPortal = 4E3F70D12C60A34600DF844C /* Project object */;
			proxyType = 1;
			remoteGlobalIDString = 4E3F70D82C60A34600DF844C;
			remoteInfo = "TODO List";
		};
		4E3F70FA2C60A34A00DF844C /* PBXContainerItemProxy */ = {
			isa = PBXContainerItemProxy;
			containerPortal = 4E3F70D12C60A34600DF844C /* Project object */;
			proxyType = 1;
			remoteGlobalIDString = 4E3F70D82C60A34600DF844C;
			remoteInfo = "TODO List";
		};
/* End PBXContainerItemProxy section */

/* Begin PBXFileReference section */
		4E3F70D92C60A34600DF844C /* TODO List.app */ = {isa = PBXFileReference; explicitFileType = wrapper.application; includeInIndex = 0; path = "TODO List.app"; sourceTree = BUILT_PRODUCTS_DIR; };
		4E3F70DC2C60A34600DF844C /* AppDelegate.swift */ = {isa = PBXFileReference; lastKnownFileType = sourcecode.swift; path = AppDelegate.swift; sourceTree = "<group>"; };
		4E3F70DE2C60A34600DF844C /* SceneDelegate.swift */ = {isa = PBXFileReference; lastKnownFileType = sourcecode.swift; path = SceneDelegate.swift; sourceTree = "<group>"; };
		4E3F70E02C60A34600DF844C /* HomeViewController.swift */ = {isa = PBXFileReference; lastKnownFileType = sourcecode.swift; path = HomeViewController.swift; sourceTree = "<group>"; };
		4E3F70E52C60A34A00DF844C /* Assets.xcassets */ = {isa = PBXFileReference; lastKnownFileType = folder.assetcatalog; path = Assets.xcassets; sourceTree = "<group>"; };
		4E3F70E82C60A34A00DF844C /* Base */ = {isa = PBXFileReference; lastKnownFileType = file.storyboard; name = Base; path = Base.lproj/LaunchScreen.storyboard; sourceTree = "<group>"; };
		4E3F70EA2C60A34A00DF844C /* Info.plist */ = {isa = PBXFileReference; lastKnownFileType = text.plist.xml; path = Info.plist; sourceTree = "<group>"; };
		4E3F70EF2C60A34A00DF844C /* TODO ListTests.xctest */ = {isa = PBXFileReference; explicitFileType = wrapper.cfbundle; includeInIndex = 0; path = "TODO ListTests.xctest"; sourceTree = BUILT_PRODUCTS_DIR; };
		4E3F70F32C60A34A00DF844C /* TODO_ListTests.swift */ = {isa = PBXFileReference; lastKnownFileType = sourcecode.swift; path = TODO_ListTests.swift; sourceTree = "<group>"; };
		4E3F70F92C60A34A00DF844C /* TODO ListUITests.xctest */ = {isa = PBXFileReference; explicitFileType = wrapper.cfbundle; includeInIndex = 0; path = "TODO ListUITests.xctest"; sourceTree = BUILT_PRODUCTS_DIR; };
		4E3F70FD2C60A34A00DF844C /* TODO_ListUITests.swift */ = {isa = PBXFileReference; lastKnownFileType = sourcecode.swift; path = TODO_ListUITests.swift; sourceTree = "<group>"; };
		4E3F70FF2C60A34A00DF844C /* TODO_ListUITestsLaunchTests.swift */ = {isa = PBXFileReference; lastKnownFileType = sourcecode.swift; path = TODO_ListUITestsLaunchTests.swift; sourceTree = "<group>"; };
		4E3F710D2C60AEF400DF844C /* EntryViewController.swift */ = {isa = PBXFileReference; lastKnownFileType = sourcecode.swift; path = EntryViewController.swift; sourceTree = "<group>"; };
		4E3F710F2C60AF0E00DF844C /* TaskViewController.swift */ = {isa = PBXFileReference; lastKnownFileType = sourcecode.swift; path = TaskViewController.swift; sourceTree = "<group>"; };
		4E3F71512C60BBEC00DF844C /* TasksModel.xcdatamodel */ = {isa = PBXFileReference; lastKnownFileType = wrapper.xcdatamodel; path = TasksModel.xcdatamodel; sourceTree = "<group>"; };
		4E3F71532C60BD3700DF844C /* Task+CoreDataClass.swift */ = {isa = PBXFileReference; lastKnownFileType = sourcecode.swift; path = "Task+CoreDataClass.swift"; sourceTree = "<group>"; };
		4E3F71542C60BD3700DF844C /* Task+CoreDataProperties.swift */ = {isa = PBXFileReference; lastKnownFileType = sourcecode.swift; path = "Task+CoreDataProperties.swift"; sourceTree = "<group>"; };
		4E3F71592C60D3CF00DF844C /* Checkbox.swift */ = {isa = PBXFileReference; lastKnownFileType = sourcecode.swift; path = Checkbox.swift; sourceTree = "<group>"; };
		4E3F715D2C60D43000DF844C /* TaskCell.swift */ = {isa = PBXFileReference; lastKnownFileType = sourcecode.swift; path = TaskCell.swift; sourceTree = "<group>"; };
/* End PBXFileReference section */

/* Begin PBXFrameworksBuildPhase section */
		4E3F70D62C60A34600DF844C /* Frameworks */ = {
			isa = PBXFrameworksBuildPhase;
			buildActionMask = 2147483647;
			files = (
			);
			runOnlyForDeploymentPostprocessing = 0;
		};
		4E3F70EC2C60A34A00DF844C /* Frameworks */ = {
			isa = PBXFrameworksBuildPhase;
			buildActionMask = 2147483647;
			files = (
			);
			runOnlyForDeploymentPostprocessing = 0;
		};
		4E3F70F62C60A34A00DF844C /* Frameworks */ = {
			isa = PBXFrameworksBuildPhase;
			buildActionMask = 2147483647;
			files = (
			);
			runOnlyForDeploymentPostprocessing = 0;
		};
/* End PBXFrameworksBuildPhase section */

/* Begin PBXGroup section */
		4E3F70D02C60A34600DF844C = {
			isa = PBXGroup;
			children = (
				4E3F71572C60BD6600DF844C /* ToDoListTask */,
				4E3F70DB2C60A34600DF844C /* TODO List */,
				4E3F70F22C60A34A00DF844C /* TODO ListTests */,
				4E3F70FC2C60A34A00DF844C /* TODO ListUITests */,
				4E3F70DA2C60A34600DF844C /* Products */,
			);
			sourceTree = "<group>";
		};
		4E3F70DA2C60A34600DF844C /* Products */ = {
			isa = PBXGroup;
			children = (
				4E3F70D92C60A34600DF844C /* TODO List.app */,
				4E3F70EF2C60A34A00DF844C /* TODO ListTests.xctest */,
				4E3F70F92C60A34A00DF844C /* TODO ListUITests.xctest */,
			);
			name = Products;
			sourceTree = "<group>";
		};
		4E3F70DB2C60A34600DF844C /* TODO List */ = {
			isa = PBXGroup;
			children = (
				4E3F71582C60D2BA00DF844C /* Views */,
				4E3F710C2C60AEBB00DF844C /* View Controllers */,
				4E3F70DC2C60A34600DF844C /* AppDelegate.swift */,
				4E3F70DE2C60A34600DF844C /* SceneDelegate.swift */,
				4E3F70E52C60A34A00DF844C /* Assets.xcassets */,
				4E3F70E72C60A34A00DF844C /* LaunchScreen.storyboard */,
				4E3F70EA2C60A34A00DF844C /* Info.plist */,
				4E3F71502C60BBEC00DF844C /* TasksModel.xcdatamodeld */,
			);
			path = "TODO List";
			sourceTree = "<group>";
		};
		4E3F70F22C60A34A00DF844C /* TODO ListTests */ = {
			isa = PBXGroup;
			children = (
				4E3F70F32C60A34A00DF844C /* TODO_ListTests.swift */,
			);
			path = "TODO ListTests";
			sourceTree = "<group>";
		};
		4E3F70FC2C60A34A00DF844C /* TODO ListUITests */ = {
			isa = PBXGroup;
			children = (
				4E3F70FD2C60A34A00DF844C /* TODO_ListUITests.swift */,
				4E3F70FF2C60A34A00DF844C /* TODO_ListUITestsLaunchTests.swift */,
			);
			path = "TODO ListUITests";
			sourceTree = "<group>";
		};
		4E3F710C2C60AEBB00DF844C /* View Controllers */ = {
			isa = PBXGroup;
			children = (
				4E3F70E02C60A34600DF844C /* HomeViewController.swift */,
				4E3F710D2C60AEF400DF844C /* EntryViewController.swift */,
				4E3F710F2C60AF0E00DF844C /* TaskViewController.swift */,
			);
			path = "View Controllers";
			sourceTree = "<group>";
		};
		4E3F71572C60BD6600DF844C /* ToDoListTask */ = {
			isa = PBXGroup;
			children = (
				4E3F71532C60BD3700DF844C /* Task+CoreDataClass.swift */,
				4E3F71542C60BD3700DF844C /* Task+CoreDataProperties.swift */,
			);
			path = ToDoListTask;
			sourceTree = "<group>";
		};
		4E3F71582C60D2BA00DF844C /* Views */ = {
			isa = PBXGroup;
			children = (
				4E3F71592C60D3CF00DF844C /* Checkbox.swift */,
				4E3F715D2C60D43000DF844C /* TaskCell.swift */,
			);
			path = Views;
			sourceTree = "<group>";
		};
/* End PBXGroup section */

/* Begin PBXNativeTarget section */
		4E3F70D82C60A34600DF844C /* TODO List */ = {
			isa = PBXNativeTarget;
			buildConfigurationList = 4E3F71032C60A34A00DF844C /* Build configuration list for PBXNativeTarget "TODO List" */;
			buildPhases = (
				4E3F70D52C60A34600DF844C /* Sources */,
				4E3F70D62C60A34600DF844C /* Frameworks */,
				4E3F70D72C60A34600DF844C /* Resources */,
			);
			buildRules = (
			);
			dependencies = (
			);
			name = "TODO List";
			productName = "TODO List";
			productReference = 4E3F70D92C60A34600DF844C /* TODO List.app */;
			productType = "com.apple.product-type.application";
		};
		4E3F70EE2C60A34A00DF844C /* TODO ListTests */ = {
			isa = PBXNativeTarget;
			buildConfigurationList = 4E3F71062C60A34A00DF844C /* Build configuration list for PBXNativeTarget "TODO ListTests" */;
			buildPhases = (
				4E3F70EB2C60A34A00DF844C /* Sources */,
				4E3F70EC2C60A34A00DF844C /* Frameworks */,
				4E3F70ED2C60A34A00DF844C /* Resources */,
			);
			buildRules = (
			);
			dependencies = (
				4E3F70F12C60A34A00DF844C /* PBXTargetDependency */,
			);
			name = "TODO ListTests";
			productName = "TODO ListTests";
			productReference = 4E3F70EF2C60A34A00DF844C /* TODO ListTests.xctest */;
			productType = "com.apple.product-type.bundle.unit-test";
		};
		4E3F70F82C60A34A00DF844C /* TODO ListUITests */ = {
			isa = PBXNativeTarget;
			buildConfigurationList = 4E3F71092C60A34A00DF844C /* Build configuration list for PBXNativeTarget "TODO ListUITests" */;
			buildPhases = (
				4E3F70F52C60A34A00DF844C /* Sources */,
				4E3F70F62C60A34A00DF844C /* Frameworks */,
				4E3F70F72C60A34A00DF844C /* Resources */,
			);
			buildRules = (
			);
			dependencies = (
				4E3F70FB2C60A34A00DF844C /* PBXTargetDependency */,
			);
			name = "TODO ListUITests";
			productName = "TODO ListUITests";
			productReference = 4E3F70F92C60A34A00DF844C /* TODO ListUITests.xctest */;
			productType = "com.apple.product-type.bundle.ui-testing";
		};
/* End PBXNativeTarget section */

/* Begin PBXProject section */
		4E3F70D12C60A34600DF844C /* Project object */ = {
			isa = PBXProject;
			attributes = {
				BuildIndependentTargetsInParallel = 1;
				LastSwiftUpdateCheck = 1540;
				LastUpgradeCheck = 1540;
				TargetAttributes = {
					4E3F70D82C60A34600DF844C = {
						CreatedOnToolsVersion = 15.4;
					};
					4E3F70EE2C60A34A00DF844C = {
						CreatedOnToolsVersion = 15.4;
						TestTargetID = 4E3F70D82C60A34600DF844C;
					};
					4E3F70F82C60A34A00DF844C = {
						CreatedOnToolsVersion = 15.4;
						TestTargetID = 4E3F70D82C60A34600DF844C;
					};
				};
			};
			buildConfigurationList = 4E3F70D42C60A34600DF844C /* Build configuration list for PBXProject "TODO List" */;
			compatibilityVersion = "Xcode 14.0";
			developmentRegion = en;
			hasScannedForEncodings = 0;
			knownRegions = (
				en,
				Base,
			);
			mainGroup = 4E3F70D02C60A34600DF844C;
			productRefGroup = 4E3F70DA2C60A34600DF844C /* Products */;
			projectDirPath = "";
			projectRoot = "";
			targets = (
				4E3F70D82C60A34600DF844C /* TODO List */,
				4E3F70EE2C60A34A00DF844C /* TODO ListTests */,
				4E3F70F82C60A34A00DF844C /* TODO ListUITests */,
			);
		};
/* End PBXProject section */

/* Begin PBXResourcesBuildPhase section */
		4E3F70D72C60A34600DF844C /* Resources */ = {
			isa = PBXResourcesBuildPhase;
			buildActionMask = 2147483647;
			files = (
				4E3F70E62C60A34A00DF844C /* Assets.xcassets in Resources */,
				4E3F70E92C60A34A00DF844C /* Base in Resources */,
			);
			runOnlyForDeploymentPostprocessing = 0;
		};
		4E3F70ED2C60A34A00DF844C /* Resources */ = {
			isa = PBXResourcesBuildPhase;
			buildActionMask = 2147483647;
			files = (
			);
			runOnlyForDeploymentPostprocessing = 0;
		};
		4E3F70F72C60A34A00DF844C /* Resources */ = {
			isa = PBXResourcesBuildPhase;
			buildActionMask = 2147483647;
			files = (
			);
			runOnlyForDeploymentPostprocessing = 0;
		};
/* End PBXResourcesBuildPhase section */

/* Begin PBXSourcesBuildPhase section */
		4E3F70D52C60A34600DF844C /* Sources */ = {
			isa = PBXSourcesBuildPhase;
			buildActionMask = 2147483647;
			files = (
				4E3F71522C60BBEC00DF844C /* TasksModel.xcdatamodeld in Sources */,
				4E3F70E12C60A34600DF844C /* HomeViewController.swift in Sources */,
				4E3F715A2C60D3CF00DF844C /* Checkbox.swift in Sources */,
				4E3F710E2C60AEF400DF844C /* EntryViewController.swift in Sources */,
				4E3F715E2C60D43000DF844C /* TaskCell.swift in Sources */,
				4E3F71102C60AF0E00DF844C /* TaskViewController.swift in Sources */,
				4E3F70DD2C60A34600DF844C /* AppDelegate.swift in Sources */,
				4E3F70DF2C60A34600DF844C /* SceneDelegate.swift in Sources */,
				4E3F71552C60BD3700DF844C /* Task+CoreDataClass.swift in Sources */,
				4E3F71562C60BD3700DF844C /* Task+CoreDataProperties.swift in Sources */,
			);
			runOnlyForDeploymentPostprocessing = 0;
		};
		4E3F70EB2C60A34A00DF844C /* Sources */ = {
			isa = PBXSourcesBuildPhase;
			buildActionMask = 2147483647;
			files = (
				4E3F70F42C60A34A00DF844C /* TODO_ListTests.swift in Sources */,
			);
			runOnlyForDeploymentPostprocessing = 0;
		};
		4E3F70F52C60A34A00DF844C /* Sources */ = {
			isa = PBXSourcesBuildPhase;
			buildActionMask = 2147483647;
			files = (
				4E3F71002C60A34A00DF844C /* TODO_ListUITestsLaunchTests.swift in Sources */,
				4E3F70FE2C60A34A00DF844C /* TODO_ListUITests.swift in Sources */,
			);
			runOnlyForDeploymentPostprocessing = 0;
		};
/* End PBXSourcesBuildPhase section */

/* Begin PBXTargetDependency section */
		4E3F70F12C60A34A00DF844C /* PBXTargetDependency */ = {
			isa = PBXTargetDependency;
			target = 4E3F70D82C60A34600DF844C /* TODO List */;
			targetProxy = 4E3F70F02C60A34A00DF844C /* PBXContainerItemProxy */;
		};
		4E3F70FB2C60A34A00DF844C /* PBXTargetDependency */ = {
			isa = PBXTargetDependency;
			target = 4E3F70D82C60A34600DF844C /* TODO List */;
			targetProxy = 4E3F70FA2C60A34A00DF844C /* PBXContainerItemProxy */;
		};
/* End PBXTargetDependency section */

/* Begin PBXVariantGroup section */
		4E3F70E72C60A34A00DF844C /* LaunchScreen.storyboard */ = {
			isa = PBXVariantGroup;
			children = (
				4E3F70E82C60A34A00DF844C /* Base */,
			);
			name = LaunchScreen.storyboard;
			sourceTree = "<group>";
		};
/* End PBXVariantGroup section */

/* Begin XCBuildConfiguration section */
		4E3F71012C60A34A00DF844C /* Debug */ = {
			isa = XCBuildConfiguration;
			buildSettings = {
				ALWAYS_SEARCH_USER_PATHS = NO;
				ASSETCATALOG_COMPILER_GENERATE_SWIFT_ASSET_SYMBOL_EXTENSIONS = YES;
				CLANG_ANALYZER_NONNULL = YES;
				CLANG_ANALYZER_NUMBER_OBJECT_CONVERSION = YES_AGGRESSIVE;
				CLANG_CXX_LANGUAGE_STANDARD = "gnu++20";
				CLANG_ENABLE_MODULES = YES;
				CLANG_ENABLE_OBJC_ARC = YES;
				CLANG_ENABLE_OBJC_WEAK = YES;
				CLANG_WARN_BLOCK_CAPTURE_AUTORELEASING = YES;
				CLANG_WARN_BOOL_CONVERSION = YES;
				CLANG_WARN_COMMA = YES;
				CLANG_WARN_CONSTANT_CONVERSION = YES;
				CLANG_WARN_DEPRECATED_OBJC_IMPLEMENTATIONS = YES;
				CLANG_WARN_DIRECT_OBJC_ISA_USAGE = YES_ERROR;
				CLANG_WARN_DOCUMENTATION_COMMENTS = YES;
				CLANG_WARN_EMPTY_BODY = YES;
				CLANG_WARN_ENUM_CONVERSION = YES;
				CLANG_WARN_INFINITE_RECURSION = YES;
				CLANG_WARN_INT_CONVERSION = YES;
				CLANG_WARN_NON_LITERAL_NULL_CONVERSION = YES;
				CLANG_WARN_OBJC_IMPLICIT_RETAIN_SELF = YES;
				CLANG_WARN_OBJC_LITERAL_CONVERSION = YES;
				CLANG_WARN_OBJC_ROOT_CLASS = YES_ERROR;
				CLANG_WARN_QUOTED_INCLUDE_IN_FRAMEWORK_HEADER = YES;
				CLANG_WARN_RANGE_LOOP_ANALYSIS = YES;
				CLANG_WARN_STRICT_PROTOTYPES = YES;
				CLANG_WARN_SUSPICIOUS_MOVE = YES;
				CLANG_WARN_UNGUARDED_AVAILABILITY = YES_AGGRESSIVE;
				CLANG_WARN_UNREACHABLE_CODE = YES;
				CLANG_WARN__DUPLICATE_METHOD_MATCH = YES;
				COPY_PHASE_STRIP = NO;
				DEBUG_INFORMATION_FORMAT = dwarf;
				ENABLE_STRICT_OBJC_MSGSEND = YES;
				ENABLE_TESTABILITY = YES;
				ENABLE_USER_SCRIPT_SANDBOXING = YES;
				GCC_C_LANGUAGE_STANDARD = gnu17;
				GCC_DYNAMIC_NO_PIC = NO;
				GCC_NO_COMMON_BLOCKS = YES;
				GCC_OPTIMIZATION_LEVEL = 0;
				GCC_PREPROCESSOR_DEFINITIONS = (
					"DEBUG=1",
					"$(inherited)",
				);
				GCC_WARN_64_TO_32_BIT_CONVERSION = YES;
				GCC_WARN_ABOUT_RETURN_TYPE = YES_ERROR;
				GCC_WARN_UNDECLARED_SELECTOR = YES;
				GCC_WARN_UNINITIALIZED_AUTOS = YES_AGGRESSIVE;
				GCC_WARN_UNUSED_FUNCTION = YES;
				GCC_WARN_UNUSED_VARIABLE = YES;
				IPHONEOS_DEPLOYMENT_TARGET = 17.5;
				LOCALIZATION_PREFERS_STRING_CATALOGS = YES;
				MTL_ENABLE_DEBUG_INFO = INCLUDE_SOURCE;
				MTL_FAST_MATH = YES;
				ONLY_ACTIVE_ARCH = YES;
				SDKROOT = iphoneos;
				SWIFT_ACTIVE_COMPILATION_CONDITIONS = "DEBUG $(inherited)";
				SWIFT_OPTIMIZATION_LEVEL = "-Onone";
			};
			name = Debug;
		};
		4E3F71022C60A34A00DF844C /* Release */ = {
			isa = XCBuildConfiguration;
			buildSettings = {
				ALWAYS_SEARCH_USER_PATHS = NO;
				ASSETCATALOG_COMPILER_GENERATE_SWIFT_ASSET_SYMBOL_EXTENSIONS = YES;
				CLANG_ANALYZER_NONNULL = YES;
				CLANG_ANALYZER_NUMBER_OBJECT_CONVERSION = YES_AGGRESSIVE;
				CLANG_CXX_LANGUAGE_STANDARD = "gnu++20";
				CLANG_ENABLE_MODULES = YES;
				CLANG_ENABLE_OBJC_ARC = YES;
				CLANG_ENABLE_OBJC_WEAK = YES;
				CLANG_WARN_BLOCK_CAPTURE_AUTORELEASING = YES;
				CLANG_WARN_BOOL_CONVERSION = YES;
				CLANG_WARN_COMMA = YES;
				CLANG_WARN_CONSTANT_CONVERSION = YES;
				CLANG_WARN_DEPRECATED_OBJC_IMPLEMENTATIONS = YES;
				CLANG_WARN_DIRECT_OBJC_ISA_USAGE = YES_ERROR;
				CLANG_WARN_DOCUMENTATION_COMMENTS = YES;
				CLANG_WARN_EMPTY_BODY = YES;
				CLANG_WARN_ENUM_CONVERSION = YES;
				CLANG_WARN_INFINITE_RECURSION = YES;
				CLANG_WARN_INT_CONVERSION = YES;
				CLANG_WARN_NON_LITERAL_NULL_CONVERSION = YES;
				CLANG_WARN_OBJC_IMPLICIT_RETAIN_SELF = YES;
				CLANG_WARN_OBJC_LITERAL_CONVERSION = YES;
				CLANG_WARN_OBJC_ROOT_CLASS = YES_ERROR;
				CLANG_WARN_QUOTED_INCLUDE_IN_FRAMEWORK_HEADER = YES;
				CLANG_WARN_RANGE_LOOP_ANALYSIS = YES;
				CLANG_WARN_STRICT_PROTOTYPES = YES;
				CLANG_WARN_SUSPICIOUS_MOVE = YES;
				CLANG_WARN_UNGUARDED_AVAILABILITY = YES_AGGRESSIVE;
				CLANG_WARN_UNREACHABLE_CODE = YES;
				CLANG_WARN__DUPLICATE_METHOD_MATCH = YES;
				COPY_PHASE_STRIP = NO;
				DEBUG_INFORMATION_FORMAT = "dwarf-with-dsym";
				ENABLE_NS_ASSERTIONS = NO;
				ENABLE_STRICT_OBJC_MSGSEND = YES;
				ENABLE_USER_SCRIPT_SANDBOXING = YES;
				GCC_C_LANGUAGE_STANDARD = gnu17;
				GCC_NO_COMMON_BLOCKS = YES;
				GCC_WARN_64_TO_32_BIT_CONVERSION = YES;
				GCC_WARN_ABOUT_RETURN_TYPE = YES_ERROR;
				GCC_WARN_UNDECLARED_SELECTOR = YES;
				GCC_WARN_UNINITIALIZED_AUTOS = YES_AGGRESSIVE;
				GCC_WARN_UNUSED_FUNCTION = YES;
				GCC_WARN_UNUSED_VARIABLE = YES;
				IPHONEOS_DEPLOYMENT_TARGET = 17.5;
				LOCALIZATION_PREFERS_STRING_CATALOGS = YES;
				MTL_ENABLE_DEBUG_INFO = NO;
				MTL_FAST_MATH = YES;
				SDKROOT = iphoneos;
				SWIFT_COMPILATION_MODE = wholemodule;
				VALIDATE_PRODUCT = YES;
			};
			name = Release;
		};
		4E3F71042C60A34A00DF844C /* Debug */ = {
			isa = XCBuildConfiguration;
			buildSettings = {
				ASSETCATALOG_COMPILER_APPICON_NAME = AppIcon;
				ASSETCATALOG_COMPILER_GLOBAL_ACCENT_COLOR_NAME = AccentColor;
				CODE_SIGN_STYLE = Automatic;
				CURRENT_PROJECT_VERSION = 1;
				DEVELOPMENT_TEAM = RAAZ9A398U;
				GENERATE_INFOPLIST_FILE = YES;
				INFOPLIST_FILE = "TODO List/Info.plist";
				INFOPLIST_KEY_UIApplicationSupportsIndirectInputEvents = YES;
				INFOPLIST_KEY_UILaunchStoryboardName = LaunchScreen;
				INFOPLIST_KEY_UISupportedInterfaceOrientations_iPad = "UIInterfaceOrientationPortrait UIInterfaceOrientationPortraitUpsideDown UIInterfaceOrientationLandscapeLeft UIInterfaceOrientationLandscapeRight";
				INFOPLIST_KEY_UISupportedInterfaceOrientations_iPhone = "UIInterfaceOrientationPortrait UIInterfaceOrientationLandscapeLeft UIInterfaceOrientationLandscapeRight";
				LD_RUNPATH_SEARCH_PATHS = (
					"$(inherited)",
					"@executable_path/Frameworks",
				);
				MARKETING_VERSION = 1.0;
				PRODUCT_BUNDLE_IDENTIFIER = "mustafa.TODO-List";
				PRODUCT_NAME = "$(TARGET_NAME)";
				SWIFT_EMIT_LOC_STRINGS = YES;
				SWIFT_VERSION = 5.0;
				TARGETED_DEVICE_FAMILY = "1,2";
			};
			name = Debug;
		};
		4E3F71052C60A34A00DF844C /* Release */ = {
			isa = XCBuildConfiguration;
			buildSettings = {
				ASSETCATALOG_COMPILER_APPICON_NAME = AppIcon;
				ASSETCATALOG_COMPILER_GLOBAL_ACCENT_COLOR_NAME = AccentColor;
				CODE_SIGN_STYLE = Automatic;
				CURRENT_PROJECT_VERSION = 1;
				DEVELOPMENT_TEAM = RAAZ9A398U;
				GENERATE_INFOPLIST_FILE = YES;
				INFOPLIST_FILE = "TODO List/Info.plist";
				INFOPLIST_KEY_UIApplicationSupportsIndirectInputEvents = YES;
				INFOPLIST_KEY_UILaunchStoryboardName = LaunchScreen;
				INFOPLIST_KEY_UISupportedInterfaceOrientations_iPad = "UIInterfaceOrientationPortrait UIInterfaceOrientationPortraitUpsideDown UIInterfaceOrientationLandscapeLeft UIInterfaceOrientationLandscapeRight";
				INFOPLIST_KEY_UISupportedInterfaceOrientations_iPhone = "UIInterfaceOrientationPortrait UIInterfaceOrientationLandscapeLeft UIInterfaceOrientationLandscapeRight";
				LD_RUNPATH_SEARCH_PATHS = (
					"$(inherited)",
					"@executable_path/Frameworks",
				);
				MARKETING_VERSION = 1.0;
				PRODUCT_BUNDLE_IDENTIFIER = "mustafa.TODO-List";
				PRODUCT_NAME = "$(TARGET_NAME)";
				SWIFT_EMIT_LOC_STRINGS = YES;
				SWIFT_VERSION = 5.0;
				TARGETED_DEVICE_FAMILY = "1,2";
			};
			name = Release;
		};
		4E3F71072C60A34A00DF844C /* Debug */ = {
			isa = XCBuildConfiguration;
			buildSettings = {
				ALWAYS_EMBED_SWIFT_STANDARD_LIBRARIES = YES;
				BUNDLE_LOADER = "$(TEST_HOST)";
				CODE_SIGN_STYLE = Automatic;
				CURRENT_PROJECT_VERSION = 1;
				DEVELOPMENT_TEAM = RAAZ9A398U;
				GENERATE_INFOPLIST_FILE = YES;
				IPHONEOS_DEPLOYMENT_TARGET = 17.5;
				MARKETING_VERSION = 1.0;
				PRODUCT_BUNDLE_IDENTIFIER = "mustafa.TODO-ListTests";
				PRODUCT_NAME = "$(TARGET_NAME)";
				SWIFT_EMIT_LOC_STRINGS = NO;
				SWIFT_VERSION = 5.0;
				TARGETED_DEVICE_FAMILY = "1,2";
				TEST_HOST = "$(BUILT_PRODUCTS_DIR)/TODO List.app/$(BUNDLE_EXECUTABLE_FOLDER_PATH)/TODO List";
			};
			name = Debug;
		};
		4E3F71082C60A34A00DF844C /* Release */ = {
			isa = XCBuildConfiguration;
			buildSettings = {
				ALWAYS_EMBED_SWIFT_STANDARD_LIBRARIES = YES;
				BUNDLE_LOADER = "$(TEST_HOST)";
				CODE_SIGN_STYLE = Automatic;
				CURRENT_PROJECT_VERSION = 1;
				DEVELOPMENT_TEAM = RAAZ9A398U;
				GENERATE_INFOPLIST_FILE = YES;
				IPHONEOS_DEPLOYMENT_TARGET = 17.5;
				MARKETING_VERSION = 1.0;
				PRODUCT_BUNDLE_IDENTIFIER = "mustafa.TODO-ListTests";
				PRODUCT_NAME = "$(TARGET_NAME)";
				SWIFT_EMIT_LOC_STRINGS = NO;
				SWIFT_VERSION = 5.0;
				TARGETED_DEVICE_FAMILY = "1,2";
				TEST_HOST = "$(BUILT_PRODUCTS_DIR)/TODO List.app/$(BUNDLE_EXECUTABLE_FOLDER_PATH)/TODO List";
			};
			name = Release;
		};
		4E3F710A2C60A34A00DF844C /* Debug */ = {
			isa = XCBuildConfiguration;
			buildSettings = {
				ALWAYS_EMBED_SWIFT_STANDARD_LIBRARIES = YES;
				CODE_SIGN_STYLE = Automatic;
				CURRENT_PROJECT_VERSION = 1;
				DEVELOPMENT_TEAM = RAAZ9A398U;
				GENERATE_INFOPLIST_FILE = YES;
				MARKETING_VERSION = 1.0;
				PRODUCT_BUNDLE_IDENTIFIER = "mustafa.TODO-ListUITests";
				PRODUCT_NAME = "$(TARGET_NAME)";
				SWIFT_EMIT_LOC_STRINGS = NO;
				SWIFT_VERSION = 5.0;
				TARGETED_DEVICE_FAMILY = "1,2";
				TEST_TARGET_NAME = "TODO List";
			};
			name = Debug;
		};
		4E3F710B2C60A34A00DF844C /* Release */ = {
			isa = XCBuildConfiguration;
			buildSettings = {
				ALWAYS_EMBED_SWIFT_STANDARD_LIBRARIES = YES;
				CODE_SIGN_STYLE = Automatic;
				CURRENT_PROJECT_VERSION = 1;
				DEVELOPMENT_TEAM = RAAZ9A398U;
				GENERATE_INFOPLIST_FILE = YES;
				MARKETING_VERSION = 1.0;
				PRODUCT_BUNDLE_IDENTIFIER = "mustafa.TODO-ListUITests";
				PRODUCT_NAME = "$(TARGET_NAME)";
				SWIFT_EMIT_LOC_STRINGS = NO;
				SWIFT_VERSION = 5.0;
				TARGETED_DEVICE_FAMILY = "1,2";
				TEST_TARGET_NAME = "TODO List";
			};
			name = Release;
		};
/* End XCBuildConfiguration section */

/* Begin XCConfigurationList section */
		4E3F70D42C60A34600DF844C /* Build configuration list for PBXProject "TODO List" */ = {
			isa = XCConfigurationList;
			buildConfigurations = (
				4E3F71012C60A34A00DF844C /* Debug */,
				4E3F71022C60A34A00DF844C /* Release */,
			);
			defaultConfigurationIsVisible = 0;
			defaultConfigurationName = Release;
		};
		4E3F71032C60A34A00DF844C /* Build configuration list for PBXNativeTarget "TODO List" */ = {
			isa = XCConfigurationList;
			buildConfigurations = (
				4E3F71042C60A34A00DF844C /* Debug */,
				4E3F71052C60A34A00DF844C /* Release */,
			);
			defaultConfigurationIsVisible = 0;
			defaultConfigurationName = Release;
		};
		4E3F71062C60A34A00DF844C /* Build configuration list for PBXNativeTarget "TODO ListTests" */ = {
			isa = XCConfigurationList;
			buildConfigurations = (
				4E3F71072C60A34A00DF844C /* Debug */,
				4E3F71082C60A34A00DF844C /* Release */,
			);
			defaultConfigurationIsVisible = 0;
			defaultConfigurationName = Release;
		};
		4E3F71092C60A34A00DF844C /* Build configuration list for PBXNativeTarget "TODO ListUITests" */ = {
			isa = XCConfigurationList;
			buildConfigurations = (
				4E3F710A2C60A34A00DF844C /* Debug */,
				4E3F710B2C60A34A00DF844C /* Release */,
			);
			defaultConfigurationIsVisible = 0;
			defaultConfigurationName = Release;
		};
/* End XCConfigurationList section */

/* Begin XCVersionGroup section */
		4E3F71502C60BBEC00DF844C /* TasksModel.xcdatamodeld */ = {
			isa = XCVersionGroup;
			children = (
				4E3F71512C60BBEC00DF844C /* TasksModel.xcdatamodel */,
			);
			currentVersion = 4E3F71512C60BBEC00DF844C /* TasksModel.xcdatamodel */;
			name = TasksModel.xcdatamodeld;
			path = "/Users/mustafajawad/Documents/Projects/TODO List/TODO List/TasksModel.xcdatamodeld";
			sourceTree = "<group>";
			versionGroupType = wrapper.xcdatamodel;
		};
/* End XCVersionGroup section */
	};
	rootObject = 4E3F70D12C60A34600DF844C /* Project object */;
}
